// !$*UTF8*$!
{
	archiveVersion = 1;
	classes = {
	};
	objectVersion = 51;
	objects = {

/* Begin PBXBuildFile section */
		0D429B8B255B246C00B75D48 /* CardianAppDelegate.swift in Sources */ = {isa = PBXBuildFile; fileRef = 0D429B8A255B246C00B75D48 /* CardianAppDelegate.swift */; };
		0DDB35D825A601AA001EFB66 /* File.swift in Sources */ = {isa = PBXBuildFile; fileRef = 0DDB35D725A601AA001EFB66 /* File.swift */; };
		0DEDE1F4255351CB00EAE60E /* Control.swift in Sources */ = {isa = PBXBuildFile; fileRef = 0DEDE1F3255351CB00EAE60E /* Control.swift */; };
		0DEDE1FA255352F600EAE60E /* Cardian.swift in Sources */ = {isa = PBXBuildFile; fileRef = 0DEDE1F9255352F600EAE60E /* Cardian.swift */; };
		0DEDE20625536A9C00EAE60E /* Query.swift in Sources */ = {isa = PBXBuildFile; fileRef = 0DEDE20525536A9C00EAE60E /* Query.swift */; };
		1E0AE860865F3C3FD703815E /* Pods_CardianTestApp.framework in Frameworks */ = {isa = PBXBuildFile; fileRef = FBCC02D6EC33C180050614FC /* Pods_CardianTestApp.framework */; };
		72335B6C2512C21E00014CE9 /* MetricDescriptionController.swift in Sources */ = {isa = PBXBuildFile; fileRef = 72335B6A2512C21E00014CE9 /* MetricDescriptionController.swift */; };
		72335B6D2512C21E00014CE9 /* MetricDescriptionController.xib in Resources */ = {isa = PBXBuildFile; fileRef = 72335B6B2512C21E00014CE9 /* MetricDescriptionController.xib */; };
		72335B702512CAAA00014CE9 /* ConfirmationController.swift in Sources */ = {isa = PBXBuildFile; fileRef = 72335B6E2512CAAA00014CE9 /* ConfirmationController.swift */; };
		72335B712512CAAA00014CE9 /* ConfirmationController.xib in Resources */ = {isa = PBXBuildFile; fileRef = 72335B6F2512CAAA00014CE9 /* ConfirmationController.xib */; };
		72335B732512D47C00014CE9 /* AuthManager.swift in Sources */ = {isa = PBXBuildFile; fileRef = 72335B722512D47C00014CE9 /* AuthManager.swift */; };
		72335B7525133E9000014CE9 /* Connect.swift in Sources */ = {isa = PBXBuildFile; fileRef = 72335B7425133E9000014CE9 /* Connect.swift */; };
		72335B7725133F2B00014CE9 /* API.swift in Sources */ = {isa = PBXBuildFile; fileRef = 72335B7625133F2B00014CE9 /* API.swift */; };
		726CAA3925011E0C00428D6F /* Cardian.framework in Frameworks */ = {isa = PBXBuildFile; fileRef = 726CAA2F25011E0C00428D6F /* Cardian.framework */; };
		726CAA3E25011E0C00428D6F /* CardianTests.swift in Sources */ = {isa = PBXBuildFile; fileRef = 726CAA3D25011E0C00428D6F /* CardianTests.swift */; };
		726CAA4025011E0C00428D6F /* Cardian.h in Headers */ = {isa = PBXBuildFile; fileRef = 726CAA3225011E0C00428D6F /* Cardian.h */; settings = {ATTRIBUTES = (Public, ); }; };
		726CAA4B2501232300428D6F /* HealthKitManager.swift in Sources */ = {isa = PBXBuildFile; fileRef = 726CAA4A2501232300428D6F /* HealthKitManager.swift */; };
		726FF3B8252F8AE60070D083 /* HealthKit.framework in Frameworks */ = {isa = PBXBuildFile; fileRef = 72ED30F32516C22900ACFBD2 /* HealthKit.framework */; };
		72881DE9250CBD5A00942FC7 /* DisclosureViewController.swift in Sources */ = {isa = PBXBuildFile; fileRef = 72881DE7250CBD5A00942FC7 /* DisclosureViewController.swift */; };
		72881DEA250CBD5A00942FC7 /* DisclosureViewController.xib in Resources */ = {isa = PBXBuildFile; fileRef = 72881DE8250CBD5A00942FC7 /* DisclosureViewController.xib */; };
		72978B553B3DC55120E4F84D /* Pods_Cardian.framework in Frameworks */ = {isa = PBXBuildFile; fileRef = 01663D842A8089EE57D7707E /* Pods_Cardian.framework */; };
		72D9CA4A2509E96C009016D7 /* Models.swift in Sources */ = {isa = PBXBuildFile; fileRef = 72D9CA492509E96C009016D7 /* Models.swift */; };
		72D9CA4E2509EC36009016D7 /* BaseViewController.swift in Sources */ = {isa = PBXBuildFile; fileRef = 72D9CA4D2509EC36009016D7 /* BaseViewController.swift */; };
		72D9CA512509ED03009016D7 /* DataBreakdownController.swift in Sources */ = {isa = PBXBuildFile; fileRef = 72D9CA4F2509ED03009016D7 /* DataBreakdownController.swift */; };
		72D9CA522509ED03009016D7 /* DataBreakdownController.xib in Resources */ = {isa = PBXBuildFile; fileRef = 72D9CA502509ED03009016D7 /* DataBreakdownController.xib */; };
		72D9CA582509F0AC009016D7 /* Assets.xcassets in Resources */ = {isa = PBXBuildFile; fileRef = 72D9CA572509F0AC009016D7 /* Assets.xcassets */; };
		72D9CA5A2509F38C009016D7 /* CardianStyler.swift in Sources */ = {isa = PBXBuildFile; fileRef = 72D9CA592509F38C009016D7 /* CardianStyler.swift */; };
		72D9CA5C2509F571009016D7 /* Declarations.swift in Sources */ = {isa = PBXBuildFile; fileRef = 72D9CA5B2509F571009016D7 /* Declarations.swift */; };
		72D9CA5D250A0AAF009016D7 /* DataBreakdownController.xib in Resources */ = {isa = PBXBuildFile; fileRef = 72D9CA502509ED03009016D7 /* DataBreakdownController.xib */; };
		72ED30B92516AF8D00ACFBD2 /* AppDelegate.swift in Sources */ = {isa = PBXBuildFile; fileRef = 72ED30B82516AF8D00ACFBD2 /* AppDelegate.swift */; };
		72ED30BB2516AF8D00ACFBD2 /* SceneDelegate.swift in Sources */ = {isa = PBXBuildFile; fileRef = 72ED30BA2516AF8D00ACFBD2 /* SceneDelegate.swift */; };
		72ED30BD2516AF8D00ACFBD2 /* ViewController.swift in Sources */ = {isa = PBXBuildFile; fileRef = 72ED30BC2516AF8D00ACFBD2 /* ViewController.swift */; };
		72ED30C02516AF8D00ACFBD2 /* Main.storyboard in Resources */ = {isa = PBXBuildFile; fileRef = 72ED30BE2516AF8D00ACFBD2 /* Main.storyboard */; };
		72ED30C22516AF8E00ACFBD2 /* Assets.xcassets in Resources */ = {isa = PBXBuildFile; fileRef = 72ED30C12516AF8E00ACFBD2 /* Assets.xcassets */; };
		72ED30C52516AF8E00ACFBD2 /* LaunchScreen.storyboard in Resources */ = {isa = PBXBuildFile; fileRef = 72ED30C32516AF8E00ACFBD2 /* LaunchScreen.storyboard */; };
		72ED30CB2516AFA200ACFBD2 /* Cardian.framework in Frameworks */ = {isa = PBXBuildFile; fileRef = 726CAA2F25011E0C00428D6F /* Cardian.framework */; };
		72ED30CC2516AFA200ACFBD2 /* Cardian.framework in Embed Frameworks */ = {isa = PBXBuildFile; fileRef = 726CAA2F25011E0C00428D6F /* Cardian.framework */; settings = {ATTRIBUTES = (CodeSignOnCopy, RemoveHeadersOnCopy, ); }; };
		72ED30D82516B0F100ACFBD2 /* AppDelegate.m in Sources */ = {isa = PBXBuildFile; fileRef = 72ED30D72516B0F100ACFBD2 /* AppDelegate.m */; };
		72ED30DB2516B0F200ACFBD2 /* SceneDelegate.m in Sources */ = {isa = PBXBuildFile; fileRef = 72ED30DA2516B0F200ACFBD2 /* SceneDelegate.m */; };
		72ED30DE2516B0F200ACFBD2 /* ViewController.m in Sources */ = {isa = PBXBuildFile; fileRef = 72ED30DD2516B0F200ACFBD2 /* ViewController.m */; };
		72ED30E12516B0F200ACFBD2 /* Main.storyboard in Resources */ = {isa = PBXBuildFile; fileRef = 72ED30DF2516B0F200ACFBD2 /* Main.storyboard */; };
		72ED30E32516B0F200ACFBD2 /* Assets.xcassets in Resources */ = {isa = PBXBuildFile; fileRef = 72ED30E22516B0F200ACFBD2 /* Assets.xcassets */; };
		72ED30E62516B0F200ACFBD2 /* LaunchScreen.storyboard in Resources */ = {isa = PBXBuildFile; fileRef = 72ED30E42516B0F200ACFBD2 /* LaunchScreen.storyboard */; };
		72ED30E92516B0F200ACFBD2 /* main.m in Sources */ = {isa = PBXBuildFile; fileRef = 72ED30E82516B0F200ACFBD2 /* main.m */; };
		72ED30ED2516B3B300ACFBD2 /* Cardian.framework in Frameworks */ = {isa = PBXBuildFile; fileRef = 726CAA2F25011E0C00428D6F /* Cardian.framework */; };
		72ED30EE2516B3B300ACFBD2 /* Cardian.framework in Embed Frameworks */ = {isa = PBXBuildFile; fileRef = 726CAA2F25011E0C00428D6F /* Cardian.framework */; settings = {ATTRIBUTES = (CodeSignOnCopy, RemoveHeadersOnCopy, ); }; };
		72ED30F42516C22900ACFBD2 /* HealthKit.framework in Frameworks */ = {isa = PBXBuildFile; fileRef = 72ED30F32516C22900ACFBD2 /* HealthKit.framework */; };
		7CAF71C1323EEE84D54B5AB8 /* Pods_Cardian_CardianTests.framework in Frameworks */ = {isa = PBXBuildFile; fileRef = 572566F9A8FD0A2BFD286B25 /* Pods_Cardian_CardianTests.framework */; };
		9768B520AA139300A1A05022 /* Pods_CardianTestAppObC.framework in Frameworks */ = {isa = PBXBuildFile; fileRef = 6486E903043A778FB3FB0FC6 /* Pods_CardianTestAppObC.framework */; };
/* End PBXBuildFile section */

/* Begin PBXContainerItemProxy section */
		726CAA3A25011E0C00428D6F /* PBXContainerItemProxy */ = {
			isa = PBXContainerItemProxy;
			containerPortal = 726CAA2625011E0C00428D6F /* Project object */;
			proxyType = 1;
			remoteGlobalIDString = 726CAA2E25011E0C00428D6F;
			remoteInfo = Cardian;
		};
		72ED30CD2516AFA200ACFBD2 /* PBXContainerItemProxy */ = {
			isa = PBXContainerItemProxy;
			containerPortal = 726CAA2625011E0C00428D6F /* Project object */;
			proxyType = 1;
			remoteGlobalIDString = 726CAA2E25011E0C00428D6F;
			remoteInfo = Cardian;
		};
		72ED30EF2516B3B300ACFBD2 /* PBXContainerItemProxy */ = {
			isa = PBXContainerItemProxy;
			containerPortal = 726CAA2625011E0C00428D6F /* Project object */;
			proxyType = 1;
			remoteGlobalIDString = 726CAA2E25011E0C00428D6F;
			remoteInfo = Cardian;
		};
/* End PBXContainerItemProxy section */

/* Begin PBXCopyFilesBuildPhase section */
		72ED30CF2516AFA200ACFBD2 /* Embed Frameworks */ = {
			isa = PBXCopyFilesBuildPhase;
			buildActionMask = 2147483647;
			dstPath = "";
			dstSubfolderSpec = 10;
			files = (
				72ED30CC2516AFA200ACFBD2 /* Cardian.framework in Embed Frameworks */,
			);
			name = "Embed Frameworks";
			runOnlyForDeploymentPostprocessing = 0;
		};
		72ED30F12516B3B300ACFBD2 /* Embed Frameworks */ = {
			isa = PBXCopyFilesBuildPhase;
			buildActionMask = 2147483647;
			dstPath = "";
			dstSubfolderSpec = 10;
			files = (
				72ED30EE2516B3B300ACFBD2 /* Cardian.framework in Embed Frameworks */,
			);
			name = "Embed Frameworks";
			runOnlyForDeploymentPostprocessing = 0;
		};
/* End PBXCopyFilesBuildPhase section */

/* Begin PBXFileReference section */
		01663D842A8089EE57D7707E /* Pods_Cardian.framework */ = {isa = PBXFileReference; explicitFileType = wrapper.framework; includeInIndex = 0; path = Pods_Cardian.framework; sourceTree = BUILT_PRODUCTS_DIR; };
		0D429B8A255B246C00B75D48 /* CardianAppDelegate.swift */ = {isa = PBXFileReference; lastKnownFileType = sourcecode.swift; path = CardianAppDelegate.swift; sourceTree = "<group>"; };
		0DDB35D725A601AA001EFB66 /* File.swift */ = {isa = PBXFileReference; lastKnownFileType = sourcecode.swift; path = File.swift; sourceTree = "<group>"; };
		0DEDE1F3255351CB00EAE60E /* Control.swift */ = {isa = PBXFileReference; lastKnownFileType = sourcecode.swift; path = Control.swift; sourceTree = "<group>"; };
		0DEDE1F9255352F600EAE60E /* Cardian.swift */ = {isa = PBXFileReference; lastKnownFileType = sourcecode.swift; path = Cardian.swift; sourceTree = "<group>"; };
		0DEDE20525536A9C00EAE60E /* Query.swift */ = {isa = PBXFileReference; lastKnownFileType = sourcecode.swift; path = Query.swift; sourceTree = "<group>"; };
		226AB221FC2892050AD79E6A /* Pods-Cardian.debug.xcconfig */ = {isa = PBXFileReference; includeInIndex = 1; lastKnownFileType = text.xcconfig; name = "Pods-Cardian.debug.xcconfig"; path = "Target Support Files/Pods-Cardian/Pods-Cardian.debug.xcconfig"; sourceTree = "<group>"; };
		572566F9A8FD0A2BFD286B25 /* Pods_Cardian_CardianTests.framework */ = {isa = PBXFileReference; explicitFileType = wrapper.framework; includeInIndex = 0; path = Pods_Cardian_CardianTests.framework; sourceTree = BUILT_PRODUCTS_DIR; };
		6486E903043A778FB3FB0FC6 /* Pods_CardianTestAppObC.framework */ = {isa = PBXFileReference; explicitFileType = wrapper.framework; includeInIndex = 0; path = Pods_CardianTestAppObC.framework; sourceTree = BUILT_PRODUCTS_DIR; };
		72335B6A2512C21E00014CE9 /* MetricDescriptionController.swift */ = {isa = PBXFileReference; lastKnownFileType = sourcecode.swift; path = MetricDescriptionController.swift; sourceTree = "<group>"; };
		72335B6B2512C21E00014CE9 /* MetricDescriptionController.xib */ = {isa = PBXFileReference; lastKnownFileType = file.xib; path = MetricDescriptionController.xib; sourceTree = "<group>"; };
		72335B6E2512CAAA00014CE9 /* ConfirmationController.swift */ = {isa = PBXFileReference; lastKnownFileType = sourcecode.swift; path = ConfirmationController.swift; sourceTree = "<group>"; };
		72335B6F2512CAAA00014CE9 /* ConfirmationController.xib */ = {isa = PBXFileReference; lastKnownFileType = file.xib; path = ConfirmationController.xib; sourceTree = "<group>"; };
		72335B722512D47C00014CE9 /* AuthManager.swift */ = {isa = PBXFileReference; lastKnownFileType = sourcecode.swift; path = AuthManager.swift; sourceTree = "<group>"; };
		72335B7425133E9000014CE9 /* Connect.swift */ = {isa = PBXFileReference; lastKnownFileType = sourcecode.swift; path = Connect.swift; sourceTree = "<group>"; };
		72335B7625133F2B00014CE9 /* API.swift */ = {isa = PBXFileReference; lastKnownFileType = sourcecode.swift; path = API.swift; sourceTree = "<group>"; };
		726CAA2F25011E0C00428D6F /* Cardian.framework */ = {isa = PBXFileReference; explicitFileType = wrapper.framework; includeInIndex = 0; path = Cardian.framework; sourceTree = BUILT_PRODUCTS_DIR; };
		726CAA3225011E0C00428D6F /* Cardian.h */ = {isa = PBXFileReference; lastKnownFileType = sourcecode.c.h; path = Cardian.h; sourceTree = "<group>"; };
		726CAA3325011E0C00428D6F /* Info.plist */ = {isa = PBXFileReference; lastKnownFileType = text.plist.xml; path = Info.plist; sourceTree = "<group>"; };
		726CAA3825011E0C00428D6F /* CardianTests.xctest */ = {isa = PBXFileReference; explicitFileType = wrapper.cfbundle; includeInIndex = 0; path = CardianTests.xctest; sourceTree = BUILT_PRODUCTS_DIR; };
		726CAA3D25011E0C00428D6F /* CardianTests.swift */ = {isa = PBXFileReference; lastKnownFileType = sourcecode.swift; path = CardianTests.swift; sourceTree = "<group>"; };
		726CAA3F25011E0C00428D6F /* Info.plist */ = {isa = PBXFileReference; lastKnownFileType = text.plist.xml; path = Info.plist; sourceTree = "<group>"; };
		726CAA4A2501232300428D6F /* HealthKitManager.swift */ = {isa = PBXFileReference; fileEncoding = 4; lastKnownFileType = sourcecode.swift; path = HealthKitManager.swift; sourceTree = "<group>"; };
		726FF3B7252F8AE60070D083 /* CardianTestAppObC.entitlements */ = {isa = PBXFileReference; lastKnownFileType = text.plist.entitlements; path = CardianTestAppObC.entitlements; sourceTree = "<group>"; };
		72881DE7250CBD5A00942FC7 /* DisclosureViewController.swift */ = {isa = PBXFileReference; lastKnownFileType = sourcecode.swift; path = DisclosureViewController.swift; sourceTree = "<group>"; };
		72881DE8250CBD5A00942FC7 /* DisclosureViewController.xib */ = {isa = PBXFileReference; lastKnownFileType = file.xib; path = DisclosureViewController.xib; sourceTree = "<group>"; };
		72D9CA492509E96C009016D7 /* Models.swift */ = {isa = PBXFileReference; lastKnownFileType = sourcecode.swift; path = Models.swift; sourceTree = "<group>"; };
		72D9CA4D2509EC36009016D7 /* BaseViewController.swift */ = {isa = PBXFileReference; lastKnownFileType = sourcecode.swift; path = BaseViewController.swift; sourceTree = "<group>"; };
		72D9CA4F2509ED03009016D7 /* DataBreakdownController.swift */ = {isa = PBXFileReference; lastKnownFileType = sourcecode.swift; path = DataBreakdownController.swift; sourceTree = "<group>"; };
		72D9CA502509ED03009016D7 /* DataBreakdownController.xib */ = {isa = PBXFileReference; lastKnownFileType = file.xib; path = DataBreakdownController.xib; sourceTree = "<group>"; };
		72D9CA572509F0AC009016D7 /* Assets.xcassets */ = {isa = PBXFileReference; lastKnownFileType = folder.assetcatalog; path = Assets.xcassets; sourceTree = "<group>"; };
		72D9CA592509F38C009016D7 /* CardianStyler.swift */ = {isa = PBXFileReference; lastKnownFileType = sourcecode.swift; path = CardianStyler.swift; sourceTree = "<group>"; };
		72D9CA5B2509F571009016D7 /* Declarations.swift */ = {isa = PBXFileReference; lastKnownFileType = sourcecode.swift; path = Declarations.swift; sourceTree = "<group>"; };
		72ED30B62516AF8D00ACFBD2 /* CardianTestApp.app */ = {isa = PBXFileReference; explicitFileType = wrapper.application; includeInIndex = 0; path = CardianTestApp.app; sourceTree = BUILT_PRODUCTS_DIR; };
		72ED30B82516AF8D00ACFBD2 /* AppDelegate.swift */ = {isa = PBXFileReference; lastKnownFileType = sourcecode.swift; path = AppDelegate.swift; sourceTree = "<group>"; };
		72ED30BA2516AF8D00ACFBD2 /* SceneDelegate.swift */ = {isa = PBXFileReference; lastKnownFileType = sourcecode.swift; path = SceneDelegate.swift; sourceTree = "<group>"; };
		72ED30BC2516AF8D00ACFBD2 /* ViewController.swift */ = {isa = PBXFileReference; lastKnownFileType = sourcecode.swift; path = ViewController.swift; sourceTree = "<group>"; };
		72ED30BF2516AF8D00ACFBD2 /* Base */ = {isa = PBXFileReference; lastKnownFileType = file.storyboard; name = Base; path = Base.lproj/Main.storyboard; sourceTree = "<group>"; };
		72ED30C12516AF8E00ACFBD2 /* Assets.xcassets */ = {isa = PBXFileReference; lastKnownFileType = folder.assetcatalog; path = Assets.xcassets; sourceTree = "<group>"; };
		72ED30C42516AF8E00ACFBD2 /* Base */ = {isa = PBXFileReference; lastKnownFileType = file.storyboard; name = Base; path = Base.lproj/LaunchScreen.storyboard; sourceTree = "<group>"; };
		72ED30C62516AF8E00ACFBD2 /* Info.plist */ = {isa = PBXFileReference; lastKnownFileType = text.plist.xml; path = Info.plist; sourceTree = "<group>"; };
		72ED30D42516B0F100ACFBD2 /* CardianTestAppObC.app */ = {isa = PBXFileReference; explicitFileType = wrapper.application; includeInIndex = 0; path = CardianTestAppObC.app; sourceTree = BUILT_PRODUCTS_DIR; };
		72ED30D62516B0F100ACFBD2 /* AppDelegate.h */ = {isa = PBXFileReference; lastKnownFileType = sourcecode.c.h; path = AppDelegate.h; sourceTree = "<group>"; };
		72ED30D72516B0F100ACFBD2 /* AppDelegate.m */ = {isa = PBXFileReference; lastKnownFileType = sourcecode.c.objc; path = AppDelegate.m; sourceTree = "<group>"; };
		72ED30D92516B0F100ACFBD2 /* SceneDelegate.h */ = {isa = PBXFileReference; lastKnownFileType = sourcecode.c.h; path = SceneDelegate.h; sourceTree = "<group>"; };
		72ED30DA2516B0F200ACFBD2 /* SceneDelegate.m */ = {isa = PBXFileReference; lastKnownFileType = sourcecode.c.objc; path = SceneDelegate.m; sourceTree = "<group>"; };
		72ED30DC2516B0F200ACFBD2 /* ViewController.h */ = {isa = PBXFileReference; lastKnownFileType = sourcecode.c.h; path = ViewController.h; sourceTree = "<group>"; };
		72ED30DD2516B0F200ACFBD2 /* ViewController.m */ = {isa = PBXFileReference; lastKnownFileType = sourcecode.c.objc; path = ViewController.m; sourceTree = "<group>"; };
		72ED30E02516B0F200ACFBD2 /* Base */ = {isa = PBXFileReference; lastKnownFileType = file.storyboard; name = Base; path = Base.lproj/Main.storyboard; sourceTree = "<group>"; };
		72ED30E22516B0F200ACFBD2 /* Assets.xcassets */ = {isa = PBXFileReference; lastKnownFileType = folder.assetcatalog; path = Assets.xcassets; sourceTree = "<group>"; };
		72ED30E52516B0F200ACFBD2 /* Base */ = {isa = PBXFileReference; lastKnownFileType = file.storyboard; name = Base; path = Base.lproj/LaunchScreen.storyboard; sourceTree = "<group>"; };
		72ED30E72516B0F200ACFBD2 /* Info.plist */ = {isa = PBXFileReference; lastKnownFileType = text.plist.xml; path = Info.plist; sourceTree = "<group>"; };
		72ED30E82516B0F200ACFBD2 /* main.m */ = {isa = PBXFileReference; lastKnownFileType = sourcecode.c.objc; path = main.m; sourceTree = "<group>"; };
		72ED30F22516C22900ACFBD2 /* CardianTestApp.entitlements */ = {isa = PBXFileReference; lastKnownFileType = text.plist.entitlements; path = CardianTestApp.entitlements; sourceTree = "<group>"; };
		72ED30F32516C22900ACFBD2 /* HealthKit.framework */ = {isa = PBXFileReference; lastKnownFileType = wrapper.framework; name = HealthKit.framework; path = System/Library/Frameworks/HealthKit.framework; sourceTree = SDKROOT; };
		9BBAB38D78350BE8288E08E1 /* Pods-Cardian.release.xcconfig */ = {isa = PBXFileReference; includeInIndex = 1; lastKnownFileType = text.xcconfig; name = "Pods-Cardian.release.xcconfig"; path = "Target Support Files/Pods-Cardian/Pods-Cardian.release.xcconfig"; sourceTree = "<group>"; };
		9F64DB41C74B997802846144 /* Pods-CardianTestAppObC.debug.xcconfig */ = {isa = PBXFileReference; includeInIndex = 1; lastKnownFileType = text.xcconfig; name = "Pods-CardianTestAppObC.debug.xcconfig"; path = "Target Support Files/Pods-CardianTestAppObC/Pods-CardianTestAppObC.debug.xcconfig"; sourceTree = "<group>"; };
		A229CE8CB0A9B53EA3040219 /* Pods-Cardian-CardianTests.release.xcconfig */ = {isa = PBXFileReference; includeInIndex = 1; lastKnownFileType = text.xcconfig; name = "Pods-Cardian-CardianTests.release.xcconfig"; path = "Target Support Files/Pods-Cardian-CardianTests/Pods-Cardian-CardianTests.release.xcconfig"; sourceTree = "<group>"; };
		AF8C6408B675D1C1A48808D9 /* Pods-CardianTestApp.debug.xcconfig */ = {isa = PBXFileReference; includeInIndex = 1; lastKnownFileType = text.xcconfig; name = "Pods-CardianTestApp.debug.xcconfig"; path = "Target Support Files/Pods-CardianTestApp/Pods-CardianTestApp.debug.xcconfig"; sourceTree = "<group>"; };
		D1C7F057723375149A91C0C8 /* Pods-CardianTestApp.release.xcconfig */ = {isa = PBXFileReference; includeInIndex = 1; lastKnownFileType = text.xcconfig; name = "Pods-CardianTestApp.release.xcconfig"; path = "Target Support Files/Pods-CardianTestApp/Pods-CardianTestApp.release.xcconfig"; sourceTree = "<group>"; };
		DD8470B82663DF8D6569D721 /* Pods-Cardian-CardianTests.debug.xcconfig */ = {isa = PBXFileReference; includeInIndex = 1; lastKnownFileType = text.xcconfig; name = "Pods-Cardian-CardianTests.debug.xcconfig"; path = "Target Support Files/Pods-Cardian-CardianTests/Pods-Cardian-CardianTests.debug.xcconfig"; sourceTree = "<group>"; };
		E7DDCB7EDB94A9785EA60769 /* Pods-CardianTestAppObC.release.xcconfig */ = {isa = PBXFileReference; includeInIndex = 1; lastKnownFileType = text.xcconfig; name = "Pods-CardianTestAppObC.release.xcconfig"; path = "Target Support Files/Pods-CardianTestAppObC/Pods-CardianTestAppObC.release.xcconfig"; sourceTree = "<group>"; };
		FBCC02D6EC33C180050614FC /* Pods_CardianTestApp.framework */ = {isa = PBXFileReference; explicitFileType = wrapper.framework; includeInIndex = 0; path = Pods_CardianTestApp.framework; sourceTree = BUILT_PRODUCTS_DIR; };
/* End PBXFileReference section */

/* Begin PBXFrameworksBuildPhase section */
		726CAA2C25011E0C00428D6F /* Frameworks */ = {
			isa = PBXFrameworksBuildPhase;
			buildActionMask = 2147483647;
			files = (
				72978B553B3DC55120E4F84D /* Pods_Cardian.framework in Frameworks */,
			);
			runOnlyForDeploymentPostprocessing = 0;
		};
		726CAA3525011E0C00428D6F /* Frameworks */ = {
			isa = PBXFrameworksBuildPhase;
			buildActionMask = 2147483647;
			files = (
				726CAA3925011E0C00428D6F /* Cardian.framework in Frameworks */,
				7CAF71C1323EEE84D54B5AB8 /* Pods_Cardian_CardianTests.framework in Frameworks */,
			);
			runOnlyForDeploymentPostprocessing = 0;
		};
		72ED30B32516AF8D00ACFBD2 /* Frameworks */ = {
			isa = PBXFrameworksBuildPhase;
			buildActionMask = 2147483647;
			files = (
				72ED30CB2516AFA200ACFBD2 /* Cardian.framework in Frameworks */,
				72ED30F42516C22900ACFBD2 /* HealthKit.framework in Frameworks */,
				1E0AE860865F3C3FD703815E /* Pods_CardianTestApp.framework in Frameworks */,
			);
			runOnlyForDeploymentPostprocessing = 0;
		};
		72ED30D12516B0F100ACFBD2 /* Frameworks */ = {
			isa = PBXFrameworksBuildPhase;
			buildActionMask = 2147483647;
			files = (
				72ED30ED2516B3B300ACFBD2 /* Cardian.framework in Frameworks */,
				726FF3B8252F8AE60070D083 /* HealthKit.framework in Frameworks */,
				9768B520AA139300A1A05022 /* Pods_CardianTestAppObC.framework in Frameworks */,
			);
			runOnlyForDeploymentPostprocessing = 0;
		};
/* End PBXFrameworksBuildPhase section */

/* Begin PBXGroup section */
		726CAA2525011E0C00428D6F = {
			isa = PBXGroup;
			children = (
				726CAA3125011E0C00428D6F /* Cardian */,
				726CAA3C25011E0C00428D6F /* CardianTests */,
				72ED30B72516AF8D00ACFBD2 /* CardianTestApp */,
				72ED30D52516B0F100ACFBD2 /* CardianTestAppObC */,
				726CAA3025011E0C00428D6F /* Products */,
				72ED30CA2516AFA200ACFBD2 /* Frameworks */,
				D78B1E87CE8D249A292EA3D7 /* Pods */,
			);
			sourceTree = "<group>";
		};
		726CAA3025011E0C00428D6F /* Products */ = {
			isa = PBXGroup;
			children = (
				726CAA2F25011E0C00428D6F /* Cardian.framework */,
				726CAA3825011E0C00428D6F /* CardianTests.xctest */,
				72ED30B62516AF8D00ACFBD2 /* CardianTestApp.app */,
				72ED30D42516B0F100ACFBD2 /* CardianTestAppObC.app */,
			);
			name = Products;
			sourceTree = "<group>";
		};
		726CAA3125011E0C00428D6F /* Cardian */ = {
			isa = PBXGroup;
			children = (
				726CAA3225011E0C00428D6F /* Cardian.h */,
				0DEDE1F9255352F600EAE60E /* Cardian.swift */,
				0DEDE1F3255351CB00EAE60E /* Control.swift */,
				72D9CA492509E96C009016D7 /* Models.swift */,
				72D9CA5B2509F571009016D7 /* Declarations.swift */,
				72D9CA592509F38C009016D7 /* CardianStyler.swift */,
				72335B7625133F2B00014CE9 /* API.swift */,
				72335B7425133E9000014CE9 /* Connect.swift */,
				72D9CA572509F0AC009016D7 /* Assets.xcassets */,
				72D9CA4C2509EC15009016D7 /* ViewControllers */,
				726CAA492501231300428D6F /* HealthKit */,
				726CAA3325011E0C00428D6F /* Info.plist */,
				0DEDE20525536A9C00EAE60E /* Query.swift */,
				0D429B8A255B246C00B75D48 /* CardianAppDelegate.swift */,
				0DDB35D725A601AA001EFB66 /* File.swift */,
			);
			path = Cardian;
			sourceTree = "<group>";
		};
		726CAA3C25011E0C00428D6F /* CardianTests */ = {
			isa = PBXGroup;
			children = (
				726CAA3D25011E0C00428D6F /* CardianTests.swift */,
				726CAA3F25011E0C00428D6F /* Info.plist */,
			);
			path = CardianTests;
			sourceTree = "<group>";
		};
		726CAA492501231300428D6F /* HealthKit */ = {
			isa = PBXGroup;
			children = (
				726CAA4A2501232300428D6F /* HealthKitManager.swift */,
				72335B722512D47C00014CE9 /* AuthManager.swift */,
			);
			name = HealthKit;
			sourceTree = "<group>";
		};
		72D9CA4B2509EBE9009016D7 /* CardianConnect */ = {
			isa = PBXGroup;
			children = (
				72D9CA532509ED0A009016D7 /* Controllers */,
				72D9CA542509ED27009016D7 /* Views */,
			);
			name = CardianConnect;
			sourceTree = "<group>";
		};
		72D9CA4C2509EC15009016D7 /* ViewControllers */ = {
			isa = PBXGroup;
			children = (
				72D9CA4D2509EC36009016D7 /* BaseViewController.swift */,
				72D9CA4B2509EBE9009016D7 /* CardianConnect */,
			);
			name = ViewControllers;
			sourceTree = "<group>";
		};
		72D9CA532509ED0A009016D7 /* Controllers */ = {
			isa = PBXGroup;
			children = (
				72881DE7250CBD5A00942FC7 /* DisclosureViewController.swift */,
				72D9CA4F2509ED03009016D7 /* DataBreakdownController.swift */,
				72335B6A2512C21E00014CE9 /* MetricDescriptionController.swift */,
				72335B6E2512CAAA00014CE9 /* ConfirmationController.swift */,
			);
			name = Controllers;
			sourceTree = "<group>";
		};
		72D9CA542509ED27009016D7 /* Views */ = {
			isa = PBXGroup;
			children = (
				72881DE8250CBD5A00942FC7 /* DisclosureViewController.xib */,
				72D9CA502509ED03009016D7 /* DataBreakdownController.xib */,
				72335B6B2512C21E00014CE9 /* MetricDescriptionController.xib */,
				72335B6F2512CAAA00014CE9 /* ConfirmationController.xib */,
			);
			name = Views;
			sourceTree = "<group>";
		};
		72ED30B72516AF8D00ACFBD2 /* CardianTestApp */ = {
			isa = PBXGroup;
			children = (
				72ED30F22516C22900ACFBD2 /* CardianTestApp.entitlements */,
				72ED30B82516AF8D00ACFBD2 /* AppDelegate.swift */,
				72ED30BA2516AF8D00ACFBD2 /* SceneDelegate.swift */,
				72ED30BC2516AF8D00ACFBD2 /* ViewController.swift */,
				72ED30BE2516AF8D00ACFBD2 /* Main.storyboard */,
				72ED30C12516AF8E00ACFBD2 /* Assets.xcassets */,
				72ED30C32516AF8E00ACFBD2 /* LaunchScreen.storyboard */,
				72ED30C62516AF8E00ACFBD2 /* Info.plist */,
			);
			path = CardianTestApp;
			sourceTree = "<group>";
		};
		72ED30CA2516AFA200ACFBD2 /* Frameworks */ = {
			isa = PBXGroup;
			children = (
				72ED30F32516C22900ACFBD2 /* HealthKit.framework */,
				01663D842A8089EE57D7707E /* Pods_Cardian.framework */,
				572566F9A8FD0A2BFD286B25 /* Pods_Cardian_CardianTests.framework */,
				FBCC02D6EC33C180050614FC /* Pods_CardianTestApp.framework */,
				6486E903043A778FB3FB0FC6 /* Pods_CardianTestAppObC.framework */,
			);
			name = Frameworks;
			sourceTree = "<group>";
		};
		72ED30D52516B0F100ACFBD2 /* CardianTestAppObC */ = {
			isa = PBXGroup;
			children = (
				726FF3B7252F8AE60070D083 /* CardianTestAppObC.entitlements */,
				72ED30D62516B0F100ACFBD2 /* AppDelegate.h */,
				72ED30D72516B0F100ACFBD2 /* AppDelegate.m */,
				72ED30D92516B0F100ACFBD2 /* SceneDelegate.h */,
				72ED30DA2516B0F200ACFBD2 /* SceneDelegate.m */,
				72ED30DC2516B0F200ACFBD2 /* ViewController.h */,
				72ED30DD2516B0F200ACFBD2 /* ViewController.m */,
				72ED30DF2516B0F200ACFBD2 /* Main.storyboard */,
				72ED30E22516B0F200ACFBD2 /* Assets.xcassets */,
				72ED30E42516B0F200ACFBD2 /* LaunchScreen.storyboard */,
				72ED30E72516B0F200ACFBD2 /* Info.plist */,
				72ED30E82516B0F200ACFBD2 /* main.m */,
			);
			path = CardianTestAppObC;
			sourceTree = "<group>";
		};
		D78B1E87CE8D249A292EA3D7 /* Pods */ = {
			isa = PBXGroup;
			children = (
				226AB221FC2892050AD79E6A /* Pods-Cardian.debug.xcconfig */,
				9BBAB38D78350BE8288E08E1 /* Pods-Cardian.release.xcconfig */,
				DD8470B82663DF8D6569D721 /* Pods-Cardian-CardianTests.debug.xcconfig */,
				A229CE8CB0A9B53EA3040219 /* Pods-Cardian-CardianTests.release.xcconfig */,
				AF8C6408B675D1C1A48808D9 /* Pods-CardianTestApp.debug.xcconfig */,
				D1C7F057723375149A91C0C8 /* Pods-CardianTestApp.release.xcconfig */,
				9F64DB41C74B997802846144 /* Pods-CardianTestAppObC.debug.xcconfig */,
				E7DDCB7EDB94A9785EA60769 /* Pods-CardianTestAppObC.release.xcconfig */,
			);
			path = Pods;
			sourceTree = "<group>";
		};
/* End PBXGroup section */

/* Begin PBXHeadersBuildPhase section */
		726CAA2A25011E0C00428D6F /* Headers */ = {
			isa = PBXHeadersBuildPhase;
			buildActionMask = 2147483647;
			files = (
				726CAA4025011E0C00428D6F /* Cardian.h in Headers */,
			);
			runOnlyForDeploymentPostprocessing = 0;
		};
/* End PBXHeadersBuildPhase section */

/* Begin PBXNativeTarget section */
		726CAA2E25011E0C00428D6F /* Cardian */ = {
			isa = PBXNativeTarget;
			buildConfigurationList = 726CAA4325011E0C00428D6F /* Build configuration list for PBXNativeTarget "Cardian" */;
			buildPhases = (
				C671EB563BE91BDE4745A24E /* [CP] Check Pods Manifest.lock */,
				726CAA2A25011E0C00428D6F /* Headers */,
				726CAA2B25011E0C00428D6F /* Sources */,
				726CAA2C25011E0C00428D6F /* Frameworks */,
				726CAA2D25011E0C00428D6F /* Resources */,
			);
			buildRules = (
			);
			dependencies = (
			);
			name = Cardian;
			productName = Cardian;
			productReference = 726CAA2F25011E0C00428D6F /* Cardian.framework */;
			productType = "com.apple.product-type.framework";
		};
		726CAA3725011E0C00428D6F /* CardianTests */ = {
			isa = PBXNativeTarget;
			buildConfigurationList = 726CAA4625011E0C00428D6F /* Build configuration list for PBXNativeTarget "CardianTests" */;
			buildPhases = (
				01E899D095A1F07F90372B30 /* [CP] Check Pods Manifest.lock */,
				726CAA3425011E0C00428D6F /* Sources */,
				726CAA3525011E0C00428D6F /* Frameworks */,
				726CAA3625011E0C00428D6F /* Resources */,
				472C1580E8C903F891D8FC66 /* [CP] Embed Pods Frameworks */,
			);
			buildRules = (
			);
			dependencies = (
				726CAA3B25011E0C00428D6F /* PBXTargetDependency */,
			);
			name = CardianTests;
			productName = CardianTests;
			productReference = 726CAA3825011E0C00428D6F /* CardianTests.xctest */;
			productType = "com.apple.product-type.bundle.unit-test";
		};
		72ED30B52516AF8D00ACFBD2 /* CardianTestApp */ = {
			isa = PBXNativeTarget;
			buildConfigurationList = 72ED30C92516AF8E00ACFBD2 /* Build configuration list for PBXNativeTarget "CardianTestApp" */;
			buildPhases = (
				457A11CB3C6C98F5D2E2C886 /* [CP] Check Pods Manifest.lock */,
				72ED30B22516AF8D00ACFBD2 /* Sources */,
				72ED30B32516AF8D00ACFBD2 /* Frameworks */,
				72ED30B42516AF8D00ACFBD2 /* Resources */,
				72ED30CF2516AFA200ACFBD2 /* Embed Frameworks */,
				E2DE8B59A845AEAA9FA2AFE1 /* [CP] Embed Pods Frameworks */,
			);
			buildRules = (
			);
			dependencies = (
				72ED30CE2516AFA200ACFBD2 /* PBXTargetDependency */,
			);
			name = CardianTestApp;
			productName = CardianTestApp;
			productReference = 72ED30B62516AF8D00ACFBD2 /* CardianTestApp.app */;
			productType = "com.apple.product-type.application";
		};
		72ED30D32516B0F100ACFBD2 /* CardianTestAppObC */ = {
			isa = PBXNativeTarget;
			buildConfigurationList = 72ED30EA2516B0F200ACFBD2 /* Build configuration list for PBXNativeTarget "CardianTestAppObC" */;
			buildPhases = (
				83CA4D261E3AEDD611468701 /* [CP] Check Pods Manifest.lock */,
				72ED30D02516B0F100ACFBD2 /* Sources */,
				72ED30D12516B0F100ACFBD2 /* Frameworks */,
				72ED30D22516B0F100ACFBD2 /* Resources */,
				72ED30F12516B3B300ACFBD2 /* Embed Frameworks */,
				68E7737F0E016FC62D4B2603 /* [CP] Embed Pods Frameworks */,
			);
			buildRules = (
			);
			dependencies = (
				72ED30F02516B3B300ACFBD2 /* PBXTargetDependency */,
			);
			name = CardianTestAppObC;
			productName = CardianTestAppObC;
			productReference = 72ED30D42516B0F100ACFBD2 /* CardianTestAppObC.app */;
			productType = "com.apple.product-type.application";
		};
/* End PBXNativeTarget section */

/* Begin PBXProject section */
		726CAA2625011E0C00428D6F /* Project object */ = {
			isa = PBXProject;
			attributes = {
				LastSwiftUpdateCheck = 1170;
				LastUpgradeCheck = 1160;
				ORGANIZATIONNAME = Curaegis;
				TargetAttributes = {
					726CAA2E25011E0C00428D6F = {
						CreatedOnToolsVersion = 11.6;
						LastSwiftMigration = 1160;
					};
					726CAA3725011E0C00428D6F = {
						CreatedOnToolsVersion = 11.6;
					};
					72ED30B52516AF8D00ACFBD2 = {
						CreatedOnToolsVersion = 11.7;
					};
					72ED30D32516B0F100ACFBD2 = {
						CreatedOnToolsVersion = 11.7;
					};
				};
			};
			buildConfigurationList = 726CAA2925011E0C00428D6F /* Build configuration list for PBXProject "Cardian" */;
			compatibilityVersion = "Xcode 9.3";
			developmentRegion = en;
			hasScannedForEncodings = 0;
			knownRegions = (
				en,
				Base,
			);
			mainGroup = 726CAA2525011E0C00428D6F;
			productRefGroup = 726CAA3025011E0C00428D6F /* Products */;
			projectDirPath = "";
			projectRoot = "";
			targets = (
				726CAA2E25011E0C00428D6F /* Cardian */,
				726CAA3725011E0C00428D6F /* CardianTests */,
				72ED30B52516AF8D00ACFBD2 /* CardianTestApp */,
				72ED30D32516B0F100ACFBD2 /* CardianTestAppObC */,
			);
		};
/* End PBXProject section */

/* Begin PBXResourcesBuildPhase section */
		726CAA2D25011E0C00428D6F /* Resources */ = {
			isa = PBXResourcesBuildPhase;
			buildActionMask = 2147483647;
			files = (
				72335B6D2512C21E00014CE9 /* MetricDescriptionController.xib in Resources */,
				72D9CA582509F0AC009016D7 /* Assets.xcassets in Resources */,
				72881DEA250CBD5A00942FC7 /* DisclosureViewController.xib in Resources */,
				72335B712512CAAA00014CE9 /* ConfirmationController.xib in Resources */,
				72D9CA522509ED03009016D7 /* DataBreakdownController.xib in Resources */,
			);
			runOnlyForDeploymentPostprocessing = 0;
		};
		726CAA3625011E0C00428D6F /* Resources */ = {
			isa = PBXResourcesBuildPhase;
			buildActionMask = 2147483647;
			files = (
				72D9CA5D250A0AAF009016D7 /* DataBreakdownController.xib in Resources */,
			);
			runOnlyForDeploymentPostprocessing = 0;
		};
		72ED30B42516AF8D00ACFBD2 /* Resources */ = {
			isa = PBXResourcesBuildPhase;
			buildActionMask = 2147483647;
			files = (
				72ED30C52516AF8E00ACFBD2 /* LaunchScreen.storyboard in Resources */,
				72ED30C22516AF8E00ACFBD2 /* Assets.xcassets in Resources */,
				72ED30C02516AF8D00ACFBD2 /* Main.storyboard in Resources */,
			);
			runOnlyForDeploymentPostprocessing = 0;
		};
		72ED30D22516B0F100ACFBD2 /* Resources */ = {
			isa = PBXResourcesBuildPhase;
			buildActionMask = 2147483647;
			files = (
				72ED30E62516B0F200ACFBD2 /* LaunchScreen.storyboard in Resources */,
				72ED30E32516B0F200ACFBD2 /* Assets.xcassets in Resources */,
				72ED30E12516B0F200ACFBD2 /* Main.storyboard in Resources */,
			);
			runOnlyForDeploymentPostprocessing = 0;
		};
/* End PBXResourcesBuildPhase section */

/* Begin PBXShellScriptBuildPhase section */
		01E899D095A1F07F90372B30 /* [CP] Check Pods Manifest.lock */ = {
			isa = PBXShellScriptBuildPhase;
			buildActionMask = 2147483647;
			files = (
			);
			inputFileListPaths = (
			);
			inputPaths = (
				"${PODS_PODFILE_DIR_PATH}/Podfile.lock",
				"${PODS_ROOT}/Manifest.lock",
			);
			name = "[CP] Check Pods Manifest.lock";
			outputFileListPaths = (
			);
			outputPaths = (
				"$(DERIVED_FILE_DIR)/Pods-Cardian-CardianTests-checkManifestLockResult.txt",
			);
			runOnlyForDeploymentPostprocessing = 0;
			shellPath = /bin/sh;
			shellScript = "diff \"${PODS_PODFILE_DIR_PATH}/Podfile.lock\" \"${PODS_ROOT}/Manifest.lock\" > /dev/null\nif [ $? != 0 ] ; then\n    # print error to STDERR\n    echo \"error: The sandbox is not in sync with the Podfile.lock. Run 'pod install' or update your CocoaPods installation.\" >&2\n    exit 1\nfi\n# This output is used by Xcode 'outputs' to avoid re-running this script phase.\necho \"SUCCESS\" > \"${SCRIPT_OUTPUT_FILE_0}\"\n";
			showEnvVarsInLog = 0;
		};
		457A11CB3C6C98F5D2E2C886 /* [CP] Check Pods Manifest.lock */ = {
			isa = PBXShellScriptBuildPhase;
			buildActionMask = 2147483647;
			files = (
			);
			inputFileListPaths = (
			);
			inputPaths = (
				"${PODS_PODFILE_DIR_PATH}/Podfile.lock",
				"${PODS_ROOT}/Manifest.lock",
			);
			name = "[CP] Check Pods Manifest.lock";
			outputFileListPaths = (
			);
			outputPaths = (
				"$(DERIVED_FILE_DIR)/Pods-CardianTestApp-checkManifestLockResult.txt",
			);
			runOnlyForDeploymentPostprocessing = 0;
			shellPath = /bin/sh;
			shellScript = "diff \"${PODS_PODFILE_DIR_PATH}/Podfile.lock\" \"${PODS_ROOT}/Manifest.lock\" > /dev/null\nif [ $? != 0 ] ; then\n    # print error to STDERR\n    echo \"error: The sandbox is not in sync with the Podfile.lock. Run 'pod install' or update your CocoaPods installation.\" >&2\n    exit 1\nfi\n# This output is used by Xcode 'outputs' to avoid re-running this script phase.\necho \"SUCCESS\" > \"${SCRIPT_OUTPUT_FILE_0}\"\n";
			showEnvVarsInLog = 0;
		};
		472C1580E8C903F891D8FC66 /* [CP] Embed Pods Frameworks */ = {
			isa = PBXShellScriptBuildPhase;
			buildActionMask = 2147483647;
			files = (
			);
			inputFileListPaths = (
				"${PODS_ROOT}/Target Support Files/Pods-Cardian-CardianTests/Pods-Cardian-CardianTests-frameworks-${CONFIGURATION}-input-files.xcfilelist",
			);
			name = "[CP] Embed Pods Frameworks";
			outputFileListPaths = (
				"${PODS_ROOT}/Target Support Files/Pods-Cardian-CardianTests/Pods-Cardian-CardianTests-frameworks-${CONFIGURATION}-output-files.xcfilelist",
			);
			runOnlyForDeploymentPostprocessing = 0;
			shellPath = /bin/sh;
			shellScript = "\"${PODS_ROOT}/Target Support Files/Pods-Cardian-CardianTests/Pods-Cardian-CardianTests-frameworks.sh\"\n";
			showEnvVarsInLog = 0;
		};
		68E7737F0E016FC62D4B2603 /* [CP] Embed Pods Frameworks */ = {
			isa = PBXShellScriptBuildPhase;
			buildActionMask = 2147483647;
			files = (
			);
			inputFileListPaths = (
				"${PODS_ROOT}/Target Support Files/Pods-CardianTestAppObC/Pods-CardianTestAppObC-frameworks-${CONFIGURATION}-input-files.xcfilelist",
			);
			name = "[CP] Embed Pods Frameworks";
			outputFileListPaths = (
				"${PODS_ROOT}/Target Support Files/Pods-CardianTestAppObC/Pods-CardianTestAppObC-frameworks-${CONFIGURATION}-output-files.xcfilelist",
			);
			runOnlyForDeploymentPostprocessing = 0;
			shellPath = /bin/sh;
			shellScript = "\"${PODS_ROOT}/Target Support Files/Pods-CardianTestAppObC/Pods-CardianTestAppObC-frameworks.sh\"\n";
			showEnvVarsInLog = 0;
		};
		83CA4D261E3AEDD611468701 /* [CP] Check Pods Manifest.lock */ = {
			isa = PBXShellScriptBuildPhase;
			buildActionMask = 2147483647;
			files = (
			);
			inputFileListPaths = (
			);
			inputPaths = (
				"${PODS_PODFILE_DIR_PATH}/Podfile.lock",
				"${PODS_ROOT}/Manifest.lock",
			);
			name = "[CP] Check Pods Manifest.lock";
			outputFileListPaths = (
			);
			outputPaths = (
				"$(DERIVED_FILE_DIR)/Pods-CardianTestAppObC-checkManifestLockResult.txt",
			);
			runOnlyForDeploymentPostprocessing = 0;
			shellPath = /bin/sh;
			shellScript = "diff \"${PODS_PODFILE_DIR_PATH}/Podfile.lock\" \"${PODS_ROOT}/Manifest.lock\" > /dev/null\nif [ $? != 0 ] ; then\n    # print error to STDERR\n    echo \"error: The sandbox is not in sync with the Podfile.lock. Run 'pod install' or update your CocoaPods installation.\" >&2\n    exit 1\nfi\n# This output is used by Xcode 'outputs' to avoid re-running this script phase.\necho \"SUCCESS\" > \"${SCRIPT_OUTPUT_FILE_0}\"\n";
			showEnvVarsInLog = 0;
		};
		C671EB563BE91BDE4745A24E /* [CP] Check Pods Manifest.lock */ = {
			isa = PBXShellScriptBuildPhase;
			buildActionMask = 2147483647;
			files = (
			);
			inputFileListPaths = (
			);
			inputPaths = (
				"${PODS_PODFILE_DIR_PATH}/Podfile.lock",
				"${PODS_ROOT}/Manifest.lock",
			);
			name = "[CP] Check Pods Manifest.lock";
			outputFileListPaths = (
			);
			outputPaths = (
				"$(DERIVED_FILE_DIR)/Pods-Cardian-checkManifestLockResult.txt",
			);
			runOnlyForDeploymentPostprocessing = 0;
			shellPath = /bin/sh;
			shellScript = "diff \"${PODS_PODFILE_DIR_PATH}/Podfile.lock\" \"${PODS_ROOT}/Manifest.lock\" > /dev/null\nif [ $? != 0 ] ; then\n    # print error to STDERR\n    echo \"error: The sandbox is not in sync with the Podfile.lock. Run 'pod install' or update your CocoaPods installation.\" >&2\n    exit 1\nfi\n# This output is used by Xcode 'outputs' to avoid re-running this script phase.\necho \"SUCCESS\" > \"${SCRIPT_OUTPUT_FILE_0}\"\n";
			showEnvVarsInLog = 0;
		};
		E2DE8B59A845AEAA9FA2AFE1 /* [CP] Embed Pods Frameworks */ = {
			isa = PBXShellScriptBuildPhase;
			buildActionMask = 2147483647;
			files = (
			);
			inputFileListPaths = (
				"${PODS_ROOT}/Target Support Files/Pods-CardianTestApp/Pods-CardianTestApp-frameworks-${CONFIGURATION}-input-files.xcfilelist",
			);
			name = "[CP] Embed Pods Frameworks";
			outputFileListPaths = (
				"${PODS_ROOT}/Target Support Files/Pods-CardianTestApp/Pods-CardianTestApp-frameworks-${CONFIGURATION}-output-files.xcfilelist",
			);
			runOnlyForDeploymentPostprocessing = 0;
			shellPath = /bin/sh;
			shellScript = "\"${PODS_ROOT}/Target Support Files/Pods-CardianTestApp/Pods-CardianTestApp-frameworks.sh\"\n";
			showEnvVarsInLog = 0;
		};
/* End PBXShellScriptBuildPhase section */

/* Begin PBXSourcesBuildPhase section */
		726CAA2B25011E0C00428D6F /* Sources */ = {
			isa = PBXSourcesBuildPhase;
			buildActionMask = 2147483647;
			files = (
				72335B6C2512C21E00014CE9 /* MetricDescriptionController.swift in Sources */,
				0D429B8B255B246C00B75D48 /* CardianAppDelegate.swift in Sources */,
				0DEDE1F4255351CB00EAE60E /* Control.swift in Sources */,
				72D9CA5C2509F571009016D7 /* Declarations.swift in Sources */,
				726CAA4B2501232300428D6F /* HealthKitManager.swift in Sources */,
				72D9CA4A2509E96C009016D7 /* Models.swift in Sources */,
				72D9CA5A2509F38C009016D7 /* CardianStyler.swift in Sources */,
				72881DE9250CBD5A00942FC7 /* DisclosureViewController.swift in Sources */,
				72335B7525133E9000014CE9 /* Connect.swift in Sources */,
				72D9CA4E2509EC36009016D7 /* BaseViewController.swift in Sources */,
				72335B702512CAAA00014CE9 /* ConfirmationController.swift in Sources */,
				0DDB35D825A601AA001EFB66 /* File.swift in Sources */,
				0DEDE20625536A9C00EAE60E /* Query.swift in Sources */,
				0DEDE1FA255352F600EAE60E /* Cardian.swift in Sources */,
				72D9CA512509ED03009016D7 /* DataBreakdownController.swift in Sources */,
				72335B7725133F2B00014CE9 /* API.swift in Sources */,
				72335B732512D47C00014CE9 /* AuthManager.swift in Sources */,
			);
			runOnlyForDeploymentPostprocessing = 0;
		};
		726CAA3425011E0C00428D6F /* Sources */ = {
			isa = PBXSourcesBuildPhase;
			buildActionMask = 2147483647;
			files = (
				726CAA3E25011E0C00428D6F /* CardianTests.swift in Sources */,
			);
			runOnlyForDeploymentPostprocessing = 0;
		};
		72ED30B22516AF8D00ACFBD2 /* Sources */ = {
			isa = PBXSourcesBuildPhase;
			buildActionMask = 2147483647;
			files = (
				72ED30BD2516AF8D00ACFBD2 /* ViewController.swift in Sources */,
				72ED30B92516AF8D00ACFBD2 /* AppDelegate.swift in Sources */,
				72ED30BB2516AF8D00ACFBD2 /* SceneDelegate.swift in Sources */,
			);
			runOnlyForDeploymentPostprocessing = 0;
		};
		72ED30D02516B0F100ACFBD2 /* Sources */ = {
			isa = PBXSourcesBuildPhase;
			buildActionMask = 2147483647;
			files = (
				72ED30DE2516B0F200ACFBD2 /* ViewController.m in Sources */,
				72ED30D82516B0F100ACFBD2 /* AppDelegate.m in Sources */,
				72ED30E92516B0F200ACFBD2 /* main.m in Sources */,
				72ED30DB2516B0F200ACFBD2 /* SceneDelegate.m in Sources */,
			);
			runOnlyForDeploymentPostprocessing = 0;
		};
/* End PBXSourcesBuildPhase section */

/* Begin PBXTargetDependency section */
		726CAA3B25011E0C00428D6F /* PBXTargetDependency */ = {
			isa = PBXTargetDependency;
			target = 726CAA2E25011E0C00428D6F /* Cardian */;
			targetProxy = 726CAA3A25011E0C00428D6F /* PBXContainerItemProxy */;
		};
		72ED30CE2516AFA200ACFBD2 /* PBXTargetDependency */ = {
			isa = PBXTargetDependency;
			target = 726CAA2E25011E0C00428D6F /* Cardian */;
			targetProxy = 72ED30CD2516AFA200ACFBD2 /* PBXContainerItemProxy */;
		};
		72ED30F02516B3B300ACFBD2 /* PBXTargetDependency */ = {
			isa = PBXTargetDependency;
			target = 726CAA2E25011E0C00428D6F /* Cardian */;
			targetProxy = 72ED30EF2516B3B300ACFBD2 /* PBXContainerItemProxy */;
		};
/* End PBXTargetDependency section */

/* Begin PBXVariantGroup section */
		72ED30BE2516AF8D00ACFBD2 /* Main.storyboard */ = {
			isa = PBXVariantGroup;
			children = (
				72ED30BF2516AF8D00ACFBD2 /* Base */,
			);
			name = Main.storyboard;
			sourceTree = "<group>";
		};
		72ED30C32516AF8E00ACFBD2 /* LaunchScreen.storyboard */ = {
			isa = PBXVariantGroup;
			children = (
				72ED30C42516AF8E00ACFBD2 /* Base */,
			);
			name = LaunchScreen.storyboard;
			sourceTree = "<group>";
		};
		72ED30DF2516B0F200ACFBD2 /* Main.storyboard */ = {
			isa = PBXVariantGroup;
			children = (
				72ED30E02516B0F200ACFBD2 /* Base */,
			);
			name = Main.storyboard;
			sourceTree = "<group>";
		};
		72ED30E42516B0F200ACFBD2 /* LaunchScreen.storyboard */ = {
			isa = PBXVariantGroup;
			children = (
				72ED30E52516B0F200ACFBD2 /* Base */,
			);
			name = LaunchScreen.storyboard;
			sourceTree = "<group>";
		};
/* End PBXVariantGroup section */

/* Begin XCBuildConfiguration section */
		726CAA4125011E0C00428D6F /* Debug */ = {
			isa = XCBuildConfiguration;
			buildSettings = {
				ALWAYS_SEARCH_USER_PATHS = NO;
				CLANG_ANALYZER_NONNULL = YES;
				CLANG_ANALYZER_NUMBER_OBJECT_CONVERSION = YES_AGGRESSIVE;
				CLANG_CXX_LANGUAGE_STANDARD = "gnu++14";
				CLANG_CXX_LIBRARY = "libc++";
				CLANG_ENABLE_MODULES = YES;
				CLANG_ENABLE_OBJC_ARC = YES;
				CLANG_ENABLE_OBJC_WEAK = YES;
				CLANG_WARN_BLOCK_CAPTURE_AUTORELEASING = YES;
				CLANG_WARN_BOOL_CONVERSION = YES;
				CLANG_WARN_COMMA = YES;
				CLANG_WARN_CONSTANT_CONVERSION = YES;
				CLANG_WARN_DEPRECATED_OBJC_IMPLEMENTATIONS = YES;
				CLANG_WARN_DIRECT_OBJC_ISA_USAGE = YES_ERROR;
				CLANG_WARN_DOCUMENTATION_COMMENTS = YES;
				CLANG_WARN_EMPTY_BODY = YES;
				CLANG_WARN_ENUM_CONVERSION = YES;
				CLANG_WARN_INFINITE_RECURSION = YES;
				CLANG_WARN_INT_CONVERSION = YES;
				CLANG_WARN_NON_LITERAL_NULL_CONVERSION = YES;
				CLANG_WARN_OBJC_IMPLICIT_RETAIN_SELF = YES;
				CLANG_WARN_OBJC_LITERAL_CONVERSION = YES;
				CLANG_WARN_OBJC_ROOT_CLASS = YES_ERROR;
				CLANG_WARN_RANGE_LOOP_ANALYSIS = YES;
				CLANG_WARN_STRICT_PROTOTYPES = YES;
				CLANG_WARN_SUSPICIOUS_MOVE = YES;
				CLANG_WARN_UNGUARDED_AVAILABILITY = YES_AGGRESSIVE;
				CLANG_WARN_UNREACHABLE_CODE = YES;
				CLANG_WARN__DUPLICATE_METHOD_MATCH = YES;
				COPY_PHASE_STRIP = NO;
				CURRENT_PROJECT_VERSION = 1;
				DEBUG_INFORMATION_FORMAT = dwarf;
				ENABLE_STRICT_OBJC_MSGSEND = YES;
				ENABLE_TESTABILITY = YES;
				GCC_C_LANGUAGE_STANDARD = gnu11;
				GCC_DYNAMIC_NO_PIC = NO;
				GCC_NO_COMMON_BLOCKS = YES;
				GCC_OPTIMIZATION_LEVEL = 0;
				GCC_PREPROCESSOR_DEFINITIONS = (
					"DEBUG=1",
					"$(inherited)",
				);
				GCC_WARN_64_TO_32_BIT_CONVERSION = YES;
				GCC_WARN_ABOUT_RETURN_TYPE = YES_ERROR;
				GCC_WARN_UNDECLARED_SELECTOR = YES;
				GCC_WARN_UNINITIALIZED_AUTOS = YES_AGGRESSIVE;
				GCC_WARN_UNUSED_FUNCTION = YES;
				GCC_WARN_UNUSED_VARIABLE = YES;
				IPHONEOS_DEPLOYMENT_TARGET = 13.6;
				MTL_ENABLE_DEBUG_INFO = INCLUDE_SOURCE;
				MTL_FAST_MATH = YES;
				ONLY_ACTIVE_ARCH = YES;
				SDKROOT = iphoneos;
				SWIFT_ACTIVE_COMPILATION_CONDITIONS = DEBUG;
				SWIFT_OPTIMIZATION_LEVEL = "-Onone";
				VERSIONING_SYSTEM = "apple-generic";
				VERSION_INFO_PREFIX = "";
			};
			name = Debug;
		};
		726CAA4225011E0C00428D6F /* Release */ = {
			isa = XCBuildConfiguration;
			buildSettings = {
				ALWAYS_SEARCH_USER_PATHS = NO;
				CLANG_ANALYZER_NONNULL = YES;
				CLANG_ANALYZER_NUMBER_OBJECT_CONVERSION = YES_AGGRESSIVE;
				CLANG_CXX_LANGUAGE_STANDARD = "gnu++14";
				CLANG_CXX_LIBRARY = "libc++";
				CLANG_ENABLE_MODULES = YES;
				CLANG_ENABLE_OBJC_ARC = YES;
				CLANG_ENABLE_OBJC_WEAK = YES;
				CLANG_WARN_BLOCK_CAPTURE_AUTORELEASING = YES;
				CLANG_WARN_BOOL_CONVERSION = YES;
				CLANG_WARN_COMMA = YES;
				CLANG_WARN_CONSTANT_CONVERSION = YES;
				CLANG_WARN_DEPRECATED_OBJC_IMPLEMENTATIONS = YES;
				CLANG_WARN_DIRECT_OBJC_ISA_USAGE = YES_ERROR;
				CLANG_WARN_DOCUMENTATION_COMMENTS = YES;
				CLANG_WARN_EMPTY_BODY = YES;
				CLANG_WARN_ENUM_CONVERSION = YES;
				CLANG_WARN_INFINITE_RECURSION = YES;
				CLANG_WARN_INT_CONVERSION = YES;
				CLANG_WARN_NON_LITERAL_NULL_CONVERSION = YES;
				CLANG_WARN_OBJC_IMPLICIT_RETAIN_SELF = YES;
				CLANG_WARN_OBJC_LITERAL_CONVERSION = YES;
				CLANG_WARN_OBJC_ROOT_CLASS = YES_ERROR;
				CLANG_WARN_RANGE_LOOP_ANALYSIS = YES;
				CLANG_WARN_STRICT_PROTOTYPES = YES;
				CLANG_WARN_SUSPICIOUS_MOVE = YES;
				CLANG_WARN_UNGUARDED_AVAILABILITY = YES_AGGRESSIVE;
				CLANG_WARN_UNREACHABLE_CODE = YES;
				CLANG_WARN__DUPLICATE_METHOD_MATCH = YES;
				COPY_PHASE_STRIP = NO;
				CURRENT_PROJECT_VERSION = 1;
				DEBUG_INFORMATION_FORMAT = "dwarf-with-dsym";
				ENABLE_NS_ASSERTIONS = NO;
				ENABLE_STRICT_OBJC_MSGSEND = YES;
				GCC_C_LANGUAGE_STANDARD = gnu11;
				GCC_NO_COMMON_BLOCKS = YES;
				GCC_WARN_64_TO_32_BIT_CONVERSION = YES;
				GCC_WARN_ABOUT_RETURN_TYPE = YES_ERROR;
				GCC_WARN_UNDECLARED_SELECTOR = YES;
				GCC_WARN_UNINITIALIZED_AUTOS = YES_AGGRESSIVE;
				GCC_WARN_UNUSED_FUNCTION = YES;
				GCC_WARN_UNUSED_VARIABLE = YES;
				IPHONEOS_DEPLOYMENT_TARGET = 13.6;
				MTL_ENABLE_DEBUG_INFO = NO;
				MTL_FAST_MATH = YES;
				SDKROOT = iphoneos;
				SWIFT_COMPILATION_MODE = wholemodule;
				SWIFT_OPTIMIZATION_LEVEL = "-O";
				VALIDATE_PRODUCT = YES;
				VERSIONING_SYSTEM = "apple-generic";
				VERSION_INFO_PREFIX = "";
			};
			name = Release;
		};
		726CAA4425011E0C00428D6F /* Debug */ = {
			isa = XCBuildConfiguration;
			baseConfigurationReference = 226AB221FC2892050AD79E6A /* Pods-Cardian.debug.xcconfig */;
			buildSettings = {
				CLANG_ENABLE_MODULES = YES;
				CODE_SIGN_STYLE = Automatic;
				DEFINES_MODULE = YES;
				DEVELOPMENT_TEAM = 5W2JMZWR9U;
				DYLIB_COMPATIBILITY_VERSION = 1;
				DYLIB_CURRENT_VERSION = 1;
				DYLIB_INSTALL_NAME_BASE = "@rpath";
				INFOPLIST_FILE = Cardian/Info.plist;
				INSTALL_PATH = "$(LOCAL_LIBRARY_DIR)/Frameworks";
				IPHONEOS_DEPLOYMENT_TARGET = 12.0;
				LD_RUNPATH_SEARCH_PATHS = (
					"$(inherited)",
					"@executable_path/Frameworks",
					"@loader_path/Frameworks",
				);
				PRODUCT_BUNDLE_IDENTIFIER = com.curaegis.Cardian;
				PRODUCT_NAME = "$(TARGET_NAME:c99extidentifier)";
				SKIP_INSTALL = YES;
				SUPPORTS_MACCATALYST = NO;
				SWIFT_OPTIMIZATION_LEVEL = "-Onone";
				SWIFT_VERSION = 5.0;
				TARGETED_DEVICE_FAMILY = "1,2";
			};
			name = Debug;
		};
		726CAA4525011E0C00428D6F /* Release */ = {
			isa = XCBuildConfiguration;
			baseConfigurationReference = 9BBAB38D78350BE8288E08E1 /* Pods-Cardian.release.xcconfig */;
			buildSettings = {
				CLANG_ENABLE_MODULES = YES;
				CODE_SIGN_STYLE = Automatic;
				DEFINES_MODULE = YES;
				DEVELOPMENT_TEAM = 5W2JMZWR9U;
				DYLIB_COMPATIBILITY_VERSION = 1;
				DYLIB_CURRENT_VERSION = 1;
				DYLIB_INSTALL_NAME_BASE = "@rpath";
				INFOPLIST_FILE = Cardian/Info.plist;
				INSTALL_PATH = "$(LOCAL_LIBRARY_DIR)/Frameworks";
				IPHONEOS_DEPLOYMENT_TARGET = 12.0;
				LD_RUNPATH_SEARCH_PATHS = (
					"$(inherited)",
					"@executable_path/Frameworks",
					"@loader_path/Frameworks",
				);
				PRODUCT_BUNDLE_IDENTIFIER = com.curaegis.Cardian;
				PRODUCT_NAME = "$(TARGET_NAME:c99extidentifier)";
				SKIP_INSTALL = YES;
				SUPPORTS_MACCATALYST = NO;
				SWIFT_VERSION = 5.0;
				TARGETED_DEVICE_FAMILY = "1,2";
			};
			name = Release;
		};
		726CAA4725011E0C00428D6F /* Debug */ = {
			isa = XCBuildConfiguration;
			baseConfigurationReference = DD8470B82663DF8D6569D721 /* Pods-Cardian-CardianTests.debug.xcconfig */;
			buildSettings = {
				ALWAYS_EMBED_SWIFT_STANDARD_LIBRARIES = YES;
				CODE_SIGN_STYLE = Automatic;
				DEVELOPMENT_TEAM = 5W2JMZWR9U;
				INFOPLIST_FILE = CardianTests/Info.plist;
				LD_RUNPATH_SEARCH_PATHS = (
					"$(inherited)",
					"@executable_path/Frameworks",
					"@loader_path/Frameworks",
				);
				PRODUCT_BUNDLE_IDENTIFIER = com.curaegis.CardianTests;
				PRODUCT_NAME = "$(TARGET_NAME)";
				SWIFT_VERSION = 5.0;
				TARGETED_DEVICE_FAMILY = "1,2";
			};
			name = Debug;
		};
		726CAA4825011E0C00428D6F /* Release */ = {
			isa = XCBuildConfiguration;
			baseConfigurationReference = A229CE8CB0A9B53EA3040219 /* Pods-Cardian-CardianTests.release.xcconfig */;
			buildSettings = {
				ALWAYS_EMBED_SWIFT_STANDARD_LIBRARIES = YES;
				CODE_SIGN_STYLE = Automatic;
				DEVELOPMENT_TEAM = 5W2JMZWR9U;
				INFOPLIST_FILE = CardianTests/Info.plist;
				LD_RUNPATH_SEARCH_PATHS = (
					"$(inherited)",
					"@executable_path/Frameworks",
					"@loader_path/Frameworks",
				);
				PRODUCT_BUNDLE_IDENTIFIER = com.curaegis.CardianTests;
				PRODUCT_NAME = "$(TARGET_NAME)";
				SWIFT_VERSION = 5.0;
				TARGETED_DEVICE_FAMILY = "1,2";
			};
			name = Release;
		};
		72ED30C72516AF8E00ACFBD2 /* Debug */ = {
			isa = XCBuildConfiguration;
			baseConfigurationReference = AF8C6408B675D1C1A48808D9 /* Pods-CardianTestApp.debug.xcconfig */;
			buildSettings = {
				ASSETCATALOG_COMPILER_APPICON_NAME = AppIcon;
				CODE_SIGN_ENTITLEMENTS = CardianTestApp/CardianTestApp.entitlements;
				CODE_SIGN_STYLE = Automatic;
				DEVELOPMENT_TEAM = 3TCCEYF5TG;
				INFOPLIST_FILE = CardianTestApp/Info.plist;
				IPHONEOS_DEPLOYMENT_TARGET = 13.7;
				LD_RUNPATH_SEARCH_PATHS = (
					"$(inherited)",
					"@executable_path/Frameworks",
				);
				PRODUCT_BUNDLE_IDENTIFIER = com.mitchell.CardianTestApp;
				PRODUCT_NAME = "$(TARGET_NAME)";
				SWIFT_VERSION = 5.0;
				TARGETED_DEVICE_FAMILY = "1,2";
			};
			name = Debug;
		};
		72ED30C82516AF8E00ACFBD2 /* Release */ = {
			isa = XCBuildConfiguration;
			baseConfigurationReference = D1C7F057723375149A91C0C8 /* Pods-CardianTestApp.release.xcconfig */;
			buildSettings = {
				ASSETCATALOG_COMPILER_APPICON_NAME = AppIcon;
				CODE_SIGN_ENTITLEMENTS = CardianTestApp/CardianTestApp.entitlements;
				CODE_SIGN_STYLE = Automatic;
				DEVELOPMENT_TEAM = 3TCCEYF5TG;
				INFOPLIST_FILE = CardianTestApp/Info.plist;
				IPHONEOS_DEPLOYMENT_TARGET = 13.7;
				LD_RUNPATH_SEARCH_PATHS = (
					"$(inherited)",
					"@executable_path/Frameworks",
				);
				PRODUCT_BUNDLE_IDENTIFIER = com.mitchell.CardianTestApp;
				PRODUCT_NAME = "$(TARGET_NAME)";
				SWIFT_VERSION = 5.0;
				TARGETED_DEVICE_FAMILY = "1,2";
			};
			name = Release;
		};
		72ED30EB2516B0F200ACFBD2 /* Debug */ = {
			isa = XCBuildConfiguration;
			baseConfigurationReference = 9F64DB41C74B997802846144 /* Pods-CardianTestAppObC.debug.xcconfig */;
			buildSettings = {
				ASSETCATALOG_COMPILER_APPICON_NAME = AppIcon;
				CODE_SIGN_ENTITLEMENTS = CardianTestAppObC/CardianTestAppObC.entitlements;
				CODE_SIGN_STYLE = Automatic;
				DEVELOPMENT_TEAM = 3TCCEYF5TG;
				INFOPLIST_FILE = CardianTestAppObC/Info.plist;
				IPHONEOS_DEPLOYMENT_TARGET = 13.7;
				LD_RUNPATH_SEARCH_PATHS = (
					"$(inherited)",
					"@executable_path/Frameworks",
				);
				PRODUCT_BUNDLE_IDENTIFIER = com.mitchell.CardianTestAppObC;
				PRODUCT_NAME = "$(TARGET_NAME)";
				TARGETED_DEVICE_FAMILY = "1,2";
			};
			name = Debug;
		};
		72ED30EC2516B0F200ACFBD2 /* Release */ = {
			isa = XCBuildConfiguration;
			baseConfigurationReference = E7DDCB7EDB94A9785EA60769 /* Pods-CardianTestAppObC.release.xcconfig */;
			buildSettings = {
				ASSETCATALOG_COMPILER_APPICON_NAME = AppIcon;
				CODE_SIGN_ENTITLEMENTS = CardianTestAppObC/CardianTestAppObC.entitlements;
				CODE_SIGN_STYLE = Automatic;
				DEVELOPMENT_TEAM = 3TCCEYF5TG;
				INFOPLIST_FILE = CardianTestAppObC/Info.plist;
				IPHONEOS_DEPLOYMENT_TARGET = 13.7;
				LD_RUNPATH_SEARCH_PATHS = (
					"$(inherited)",
					"@executable_path/Frameworks",
				);
				PRODUCT_BUNDLE_IDENTIFIER = com.mitchell.CardianTestAppObC;
				PRODUCT_NAME = "$(TARGET_NAME)";
				TARGETED_DEVICE_FAMILY = "1,2";
			};
			name = Release;
		};
/* End XCBuildConfiguration section */

/* Begin XCConfigurationList section */
		726CAA2925011E0C00428D6F /* Build configuration list for PBXProject "Cardian" */ = {
			isa = XCConfigurationList;
			buildConfigurations = (
				726CAA4125011E0C00428D6F /* Debug */,
				726CAA4225011E0C00428D6F /* Release */,
			);
			defaultConfigurationIsVisible = 0;
			defaultConfigurationName = Release;
		};
		726CAA4325011E0C00428D6F /* Build configuration list for PBXNativeTarget "Cardian" */ = {
			isa = XCConfigurationList;
			buildConfigurations = (
				726CAA4425011E0C00428D6F /* Debug */,
				726CAA4525011E0C00428D6F /* Release */,
			);
			defaultConfigurationIsVisible = 0;
			defaultConfigurationName = Release;
		};
		726CAA4625011E0C00428D6F /* Build configuration list for PBXNativeTarget "CardianTests" */ = {
			isa = XCConfigurationList;
			buildConfigurations = (
				726CAA4725011E0C00428D6F /* Debug */,
				726CAA4825011E0C00428D6F /* Release */,
			);
			defaultConfigurationIsVisible = 0;
			defaultConfigurationName = Release;
		};
		72ED30C92516AF8E00ACFBD2 /* Build configuration list for PBXNativeTarget "CardianTestApp" */ = {
			isa = XCConfigurationList;
			buildConfigurations = (
				72ED30C72516AF8E00ACFBD2 /* Debug */,
				72ED30C82516AF8E00ACFBD2 /* Release */,
			);
			defaultConfigurationIsVisible = 0;
			defaultConfigurationName = Release;
		};
		72ED30EA2516B0F200ACFBD2 /* Build configuration list for PBXNativeTarget "CardianTestAppObC" */ = {
			isa = XCConfigurationList;
			buildConfigurations = (
				72ED30EB2516B0F200ACFBD2 /* Debug */,
				72ED30EC2516B0F200ACFBD2 /* Release */,
			);
			defaultConfigurationIsVisible = 0;
			defaultConfigurationName = Release;
		};
/* End XCConfigurationList section */
	};
	rootObject = 726CAA2625011E0C00428D6F /* Project object */;
}
