// !$*UTF8*$!
{
	archiveVersion = 1;
	classes = {
	};
	objectVersion = 50;
	objects = {

/* Begin PBXBuildFile section */
		726CAA3925011E0C00428D6F /* Cardian.framework in Frameworks */ = {isa = PBXBuildFile; fileRef = 726CAA2F25011E0C00428D6F /* Cardian.framework */; };
		726CAA3E25011E0C00428D6F /* CardianTests.swift in Sources */ = {isa = PBXBuildFile; fileRef = 726CAA3D25011E0C00428D6F /* CardianTests.swift */; };
		726CAA4025011E0C00428D6F /* Cardian.h in Headers */ = {isa = PBXBuildFile; fileRef = 726CAA3225011E0C00428D6F /* Cardian.h */; settings = {ATTRIBUTES = (Public, ); }; };
		726CAA4B2501232300428D6F /* HealthKitManager.swift in Sources */ = {isa = PBXBuildFile; fileRef = 726CAA4A2501232300428D6F /* HealthKitManager.swift */; };
		72881DE9250CBD5A00942FC7 /* DisclosureViewController.swift in Sources */ = {isa = PBXBuildFile; fileRef = 72881DE7250CBD5A00942FC7 /* DisclosureViewController.swift */; };
		72881DEA250CBD5A00942FC7 /* DisclosureViewController.xib in Resources */ = {isa = PBXBuildFile; fileRef = 72881DE8250CBD5A00942FC7 /* DisclosureViewController.xib */; };
		72D9CA4A2509E96C009016D7 /* Models.swift in Sources */ = {isa = PBXBuildFile; fileRef = 72D9CA492509E96C009016D7 /* Models.swift */; };
		72D9CA4E2509EC36009016D7 /* BaseViewController.swift in Sources */ = {isa = PBXBuildFile; fileRef = 72D9CA4D2509EC36009016D7 /* BaseViewController.swift */; };
		72D9CA512509ED03009016D7 /* DataBreakdownController.swift in Sources */ = {isa = PBXBuildFile; fileRef = 72D9CA4F2509ED03009016D7 /* DataBreakdownController.swift */; };
		72D9CA522509ED03009016D7 /* DataBreakdownController.xib in Resources */ = {isa = PBXBuildFile; fileRef = 72D9CA502509ED03009016D7 /* DataBreakdownController.xib */; };
		72D9CA582509F0AC009016D7 /* Assets.xcassets in Resources */ = {isa = PBXBuildFile; fileRef = 72D9CA572509F0AC009016D7 /* Assets.xcassets */; };
		72D9CA5A2509F38C009016D7 /* CardianStyler.swift in Sources */ = {isa = PBXBuildFile; fileRef = 72D9CA592509F38C009016D7 /* CardianStyler.swift */; };
		72D9CA5C2509F571009016D7 /* Declarations.swift in Sources */ = {isa = PBXBuildFile; fileRef = 72D9CA5B2509F571009016D7 /* Declarations.swift */; };
		72D9CA5D250A0AAF009016D7 /* DataBreakdownController.xib in Resources */ = {isa = PBXBuildFile; fileRef = 72D9CA502509ED03009016D7 /* DataBreakdownController.xib */; };
/* End PBXBuildFile section */

/* Begin PBXContainerItemProxy section */
		726CAA3A25011E0C00428D6F /* PBXContainerItemProxy */ = {
			isa = PBXContainerItemProxy;
			containerPortal = 726CAA2625011E0C00428D6F /* Project object */;
			proxyType = 1;
			remoteGlobalIDString = 726CAA2E25011E0C00428D6F;
			remoteInfo = Cardian;
		};
/* End PBXContainerItemProxy section */

/* Begin PBXFileReference section */
		726CAA2F25011E0C00428D6F /* Cardian.framework */ = {isa = PBXFileReference; explicitFileType = wrapper.framework; includeInIndex = 0; path = Cardian.framework; sourceTree = BUILT_PRODUCTS_DIR; };
		726CAA3225011E0C00428D6F /* Cardian.h */ = {isa = PBXFileReference; lastKnownFileType = sourcecode.c.h; path = Cardian.h; sourceTree = "<group>"; };
		726CAA3325011E0C00428D6F /* Info.plist */ = {isa = PBXFileReference; lastKnownFileType = text.plist.xml; path = Info.plist; sourceTree = "<group>"; };
		726CAA3825011E0C00428D6F /* CardianTests.xctest */ = {isa = PBXFileReference; explicitFileType = wrapper.cfbundle; includeInIndex = 0; path = CardianTests.xctest; sourceTree = BUILT_PRODUCTS_DIR; };
		726CAA3D25011E0C00428D6F /* CardianTests.swift */ = {isa = PBXFileReference; lastKnownFileType = sourcecode.swift; path = CardianTests.swift; sourceTree = "<group>"; };
		726CAA3F25011E0C00428D6F /* Info.plist */ = {isa = PBXFileReference; lastKnownFileType = text.plist.xml; path = Info.plist; sourceTree = "<group>"; };
		726CAA4A2501232300428D6F /* HealthKitManager.swift */ = {isa = PBXFileReference; fileEncoding = 4; lastKnownFileType = sourcecode.swift; path = HealthKitManager.swift; sourceTree = "<group>"; };
		72881DE7250CBD5A00942FC7 /* DisclosureViewController.swift */ = {isa = PBXFileReference; lastKnownFileType = sourcecode.swift; path = DisclosureViewController.swift; sourceTree = "<group>"; };
		72881DE8250CBD5A00942FC7 /* DisclosureViewController.xib */ = {isa = PBXFileReference; lastKnownFileType = file.xib; path = DisclosureViewController.xib; sourceTree = "<group>"; };
		72D9CA492509E96C009016D7 /* Models.swift */ = {isa = PBXFileReference; lastKnownFileType = sourcecode.swift; path = Models.swift; sourceTree = "<group>"; };
		72D9CA4D2509EC36009016D7 /* BaseViewController.swift */ = {isa = PBXFileReference; lastKnownFileType = sourcecode.swift; path = BaseViewController.swift; sourceTree = "<group>"; };
		72D9CA4F2509ED03009016D7 /* DataBreakdownController.swift */ = {isa = PBXFileReference; lastKnownFileType = sourcecode.swift; path = DataBreakdownController.swift; sourceTree = "<group>"; };
		72D9CA502509ED03009016D7 /* DataBreakdownController.xib */ = {isa = PBXFileReference; lastKnownFileType = file.xib; path = DataBreakdownController.xib; sourceTree = "<group>"; };
		72D9CA572509F0AC009016D7 /* Assets.xcassets */ = {isa = PBXFileReference; lastKnownFileType = folder.assetcatalog; path = Assets.xcassets; sourceTree = "<group>"; };
		72D9CA592509F38C009016D7 /* CardianStyler.swift */ = {isa = PBXFileReference; lastKnownFileType = sourcecode.swift; path = CardianStyler.swift; sourceTree = "<group>"; };
		72D9CA5B2509F571009016D7 /* Declarations.swift */ = {isa = PBXFileReference; lastKnownFileType = sourcecode.swift; path = Declarations.swift; sourceTree = "<group>"; };
/* End PBXFileReference section */

/* Begin PBXFrameworksBuildPhase section */
		726CAA2C25011E0C00428D6F /* Frameworks */ = {
			isa = PBXFrameworksBuildPhase;
			buildActionMask = 2147483647;
			files = (
			);
			runOnlyForDeploymentPostprocessing = 0;
		};
		726CAA3525011E0C00428D6F /* Frameworks */ = {
			isa = PBXFrameworksBuildPhase;
			buildActionMask = 2147483647;
			files = (
				726CAA3925011E0C00428D6F /* Cardian.framework in Frameworks */,
			);
			runOnlyForDeploymentPostprocessing = 0;
		};
/* End PBXFrameworksBuildPhase section */

/* Begin PBXGroup section */
		726CAA2525011E0C00428D6F = {
			isa = PBXGroup;
			children = (
				726CAA3125011E0C00428D6F /* Cardian */,
				726CAA3C25011E0C00428D6F /* CardianTests */,
				726CAA3025011E0C00428D6F /* Products */,
			);
			sourceTree = "<group>";
		};
		726CAA3025011E0C00428D6F /* Products */ = {
			isa = PBXGroup;
			children = (
				726CAA2F25011E0C00428D6F /* Cardian.framework */,
				726CAA3825011E0C00428D6F /* CardianTests.xctest */,
			);
			name = Products;
			sourceTree = "<group>";
		};
		726CAA3125011E0C00428D6F /* Cardian */ = {
			isa = PBXGroup;
			children = (
				726CAA3225011E0C00428D6F /* Cardian.h */,
				72D9CA492509E96C009016D7 /* Models.swift */,
				72D9CA5B2509F571009016D7 /* Declarations.swift */,
				72D9CA592509F38C009016D7 /* CardianStyler.swift */,
				72D9CA572509F0AC009016D7 /* Assets.xcassets */,
				72D9CA4C2509EC15009016D7 /* ViewControllers */,
				726CAA492501231300428D6F /* HealthKit */,
				726CAA3325011E0C00428D6F /* Info.plist */,
			);
			path = Cardian;
			sourceTree = "<group>";
		};
		726CAA3C25011E0C00428D6F /* CardianTests */ = {
			isa = PBXGroup;
			children = (
				726CAA3D25011E0C00428D6F /* CardianTests.swift */,
				726CAA3F25011E0C00428D6F /* Info.plist */,
			);
			path = CardianTests;
			sourceTree = "<group>";
		};
		726CAA492501231300428D6F /* HealthKit */ = {
			isa = PBXGroup;
			children = (
				726CAA4A2501232300428D6F /* HealthKitManager.swift */,
			);
			name = HealthKit;
			sourceTree = "<group>";
		};
		72D9CA4B2509EBE9009016D7 /* CardianConnect */ = {
			isa = PBXGroup;
			children = (
				72D9CA532509ED0A009016D7 /* Controllers */,
				72D9CA542509ED27009016D7 /* Views */,
			);
			name = CardianConnect;
			sourceTree = "<group>";
		};
		72D9CA4C2509EC15009016D7 /* ViewControllers */ = {
			isa = PBXGroup;
			children = (
				72D9CA4D2509EC36009016D7 /* BaseViewController.swift */,
				72D9CA4B2509EBE9009016D7 /* CardianConnect */,
			);
			name = ViewControllers;
			sourceTree = "<group>";
		};
		72D9CA532509ED0A009016D7 /* Controllers */ = {
			isa = PBXGroup;
			children = (
				72881DE7250CBD5A00942FC7 /* DisclosureViewController.swift */,
				72D9CA4F2509ED03009016D7 /* DataBreakdownController.swift */,
			);
			name = Controllers;
			sourceTree = "<group>";
		};
		72D9CA542509ED27009016D7 /* Views */ = {
			isa = PBXGroup;
			children = (
				72881DE8250CBD5A00942FC7 /* DisclosureViewController.xib */,
				72D9CA502509ED03009016D7 /* DataBreakdownController.xib */,
			);
			name = Views;
			sourceTree = "<group>";
		};
/* End PBXGroup section */

/* Begin PBXHeadersBuildPhase section */
		726CAA2A25011E0C00428D6F /* Headers */ = {
			isa = PBXHeadersBuildPhase;
			buildActionMask = 2147483647;
			files = (
				726CAA4025011E0C00428D6F /* Cardian.h in Headers */,
			);
			runOnlyForDeploymentPostprocessing = 0;
		};
/* End PBXHeadersBuildPhase section */

/* Begin PBXNativeTarget section */
		726CAA2E25011E0C00428D6F /* Cardian */ = {
			isa = PBXNativeTarget;
			buildConfigurationList = 726CAA4325011E0C00428D6F /* Build configuration list for PBXNativeTarget "Cardian" */;
			buildPhases = (
				726CAA2A25011E0C00428D6F /* Headers */,
				726CAA2B25011E0C00428D6F /* Sources */,
				726CAA2C25011E0C00428D6F /* Frameworks */,
				726CAA2D25011E0C00428D6F /* Resources */,
			);
			buildRules = (
			);
			dependencies = (
			);
			name = Cardian;
			productName = Cardian;
			productReference = 726CAA2F25011E0C00428D6F /* Cardian.framework */;
			productType = "com.apple.product-type.framework";
		};
		726CAA3725011E0C00428D6F /* CardianTests */ = {
			isa = PBXNativeTarget;
			buildConfigurationList = 726CAA4625011E0C00428D6F /* Build configuration list for PBXNativeTarget "CardianTests" */;
			buildPhases = (
				726CAA3425011E0C00428D6F /* Sources */,
				726CAA3525011E0C00428D6F /* Frameworks */,
				726CAA3625011E0C00428D6F /* Resources */,
			);
			buildRules = (
			);
			dependencies = (
				726CAA3B25011E0C00428D6F /* PBXTargetDependency */,
			);
			name = CardianTests;
			productName = CardianTests;
			productReference = 726CAA3825011E0C00428D6F /* CardianTests.xctest */;
			productType = "com.apple.product-type.bundle.unit-test";
		};
/* End PBXNativeTarget section */

/* Begin PBXProject section */
		726CAA2625011E0C00428D6F /* Project object */ = {
			isa = PBXProject;
			attributes = {
				LastSwiftUpdateCheck = 1160;
				LastUpgradeCheck = 1160;
				ORGANIZATIONNAME = Curaegis;
				TargetAttributes = {
					726CAA2E25011E0C00428D6F = {
						CreatedOnToolsVersion = 11.6;
						LastSwiftMigration = 1160;
					};
					726CAA3725011E0C00428D6F = {
						CreatedOnToolsVersion = 11.6;
					};
				};
			};
			buildConfigurationList = 726CAA2925011E0C00428D6F /* Build configuration list for PBXProject "Cardian" */;
			compatibilityVersion = "Xcode 9.3";
			developmentRegion = en;
			hasScannedForEncodings = 0;
			knownRegions = (
				en,
				Base,
			);
			mainGroup = 726CAA2525011E0C00428D6F;
			productRefGroup = 726CAA3025011E0C00428D6F /* Products */;
			projectDirPath = "";
			projectRoot = "";
			targets = (
				726CAA2E25011E0C00428D6F /* Cardian */,
				726CAA3725011E0C00428D6F /* CardianTests */,
			);
		};
/* End PBXProject section */

/* Begin PBXResourcesBuildPhase section */
		726CAA2D25011E0C00428D6F /* Resources */ = {
			isa = PBXResourcesBuildPhase;
			buildActionMask = 2147483647;
			files = (
				72D9CA582509F0AC009016D7 /* Assets.xcassets in Resources */,
				72881DEA250CBD5A00942FC7 /* DisclosureViewController.xib in Resources */,
				72D9CA522509ED03009016D7 /* DataBreakdownController.xib in Resources */,
			);
			runOnlyForDeploymentPostprocessing = 0;
		};
		726CAA3625011E0C00428D6F /* Resources */ = {
			isa = PBXResourcesBuildPhase;
			buildActionMask = 2147483647;
			files = (
				72D9CA5D250A0AAF009016D7 /* DataBreakdownController.xib in Resources */,
			);
			runOnlyForDeploymentPostprocessing = 0;
		};
/* End PBXResourcesBuildPhase section */

/* Begin PBXSourcesBuildPhase section */
		726CAA2B25011E0C00428D6F /* Sources */ = {
			isa = PBXSourcesBuildPhase;
			buildActionMask = 2147483647;
			files = (
				72D9CA5C2509F571009016D7 /* Declarations.swift in Sources */,
				726CAA4B2501232300428D6F /* HealthKitManager.swift in Sources */,
				72D9CA4A2509E96C009016D7 /* Models.swift in Sources */,
				72D9CA5A2509F38C009016D7 /* CardianStyler.swift in Sources */,
				72881DE9250CBD5A00942FC7 /* DisclosureViewController.swift in Sources */,
				72D9CA4E2509EC36009016D7 /* BaseViewController.swift in Sources */,
				72D9CA512509ED03009016D7 /* DataBreakdownController.swift in Sources */,
			);
			runOnlyForDeploymentPostprocessing = 0;
		};
		726CAA3425011E0C00428D6F /* Sources */ = {
			isa = PBXSourcesBuildPhase;
			buildActionMask = 2147483647;
			files = (
				726CAA3E25011E0C00428D6F /* CardianTests.swift in Sources */,
			);
			runOnlyForDeploymentPostprocessing = 0;
		};
/* End PBXSourcesBuildPhase section */

/* Begin PBXTargetDependency section */
		726CAA3B25011E0C00428D6F /* PBXTargetDependency */ = {
			isa = PBXTargetDependency;
			target = 726CAA2E25011E0C00428D6F /* Cardian */;
			targetProxy = 726CAA3A25011E0C00428D6F /* PBXContainerItemProxy */;
		};
/* End PBXTargetDependency section */

/* Begin XCBuildConfiguration section */
		726CAA4125011E0C00428D6F /* Debug */ = {
			isa = XCBuildConfiguration;
			buildSettings = {
				ALWAYS_SEARCH_USER_PATHS = NO;
				CLANG_ANALYZER_NONNULL = YES;
				CLANG_ANALYZER_NUMBER_OBJECT_CONVERSION = YES_AGGRESSIVE;
				CLANG_CXX_LANGUAGE_STANDARD = "gnu++14";
				CLANG_CXX_LIBRARY = "libc++";
				CLANG_ENABLE_MODULES = YES;
				CLANG_ENABLE_OBJC_ARC = YES;
				CLANG_ENABLE_OBJC_WEAK = YES;
				CLANG_WARN_BLOCK_CAPTURE_AUTORELEASING = YES;
				CLANG_WARN_BOOL_CONVERSION = YES;
				CLANG_WARN_COMMA = YES;
				CLANG_WARN_CONSTANT_CONVERSION = YES;
				CLANG_WARN_DEPRECATED_OBJC_IMPLEMENTATIONS = YES;
				CLANG_WARN_DIRECT_OBJC_ISA_USAGE = YES_ERROR;
				CLANG_WARN_DOCUMENTATION_COMMENTS = YES;
				CLANG_WARN_EMPTY_BODY = YES;
				CLANG_WARN_ENUM_CONVERSION = YES;
				CLANG_WARN_INFINITE_RECURSION = YES;
				CLANG_WARN_INT_CONVERSION = YES;
				CLANG_WARN_NON_LITERAL_NULL_CONVERSION = YES;
				CLANG_WARN_OBJC_IMPLICIT_RETAIN_SELF = YES;
				CLANG_WARN_OBJC_LITERAL_CONVERSION = YES;
				CLANG_WARN_OBJC_ROOT_CLASS = YES_ERROR;
				CLANG_WARN_RANGE_LOOP_ANALYSIS = YES;
				CLANG_WARN_STRICT_PROTOTYPES = YES;
				CLANG_WARN_SUSPICIOUS_MOVE = YES;
				CLANG_WARN_UNGUARDED_AVAILABILITY = YES_AGGRESSIVE;
				CLANG_WARN_UNREACHABLE_CODE = YES;
				CLANG_WARN__DUPLICATE_METHOD_MATCH = YES;
				COPY_PHASE_STRIP = NO;
				CURRENT_PROJECT_VERSION = 1;
				DEBUG_INFORMATION_FORMAT = dwarf;
				ENABLE_STRICT_OBJC_MSGSEND = YES;
				ENABLE_TESTABILITY = YES;
				GCC_C_LANGUAGE_STANDARD = gnu11;
				GCC_DYNAMIC_NO_PIC = NO;
				GCC_NO_COMMON_BLOCKS = YES;
				GCC_OPTIMIZATION_LEVEL = 0;
				GCC_PREPROCESSOR_DEFINITIONS = (
					"DEBUG=1",
					"$(inherited)",
				);
				GCC_WARN_64_TO_32_BIT_CONVERSION = YES;
				GCC_WARN_ABOUT_RETURN_TYPE = YES_ERROR;
				GCC_WARN_UNDECLARED_SELECTOR = YES;
				GCC_WARN_UNINITIALIZED_AUTOS = YES_AGGRESSIVE;
				GCC_WARN_UNUSED_FUNCTION = YES;
				GCC_WARN_UNUSED_VARIABLE = YES;
				IPHONEOS_DEPLOYMENT_TARGET = 13.6;
				MTL_ENABLE_DEBUG_INFO = INCLUDE_SOURCE;
				MTL_FAST_MATH = YES;
				ONLY_ACTIVE_ARCH = YES;
				SDKROOT = iphoneos;
				SWIFT_ACTIVE_COMPILATION_CONDITIONS = DEBUG;
				SWIFT_OPTIMIZATION_LEVEL = "-Onone";
				VERSIONING_SYSTEM = "apple-generic";
				VERSION_INFO_PREFIX = "";
			};
			name = Debug;
		};
		726CAA4225011E0C00428D6F /* Release */ = {
			isa = XCBuildConfiguration;
			buildSettings = {
				ALWAYS_SEARCH_USER_PATHS = NO;
				CLANG_ANALYZER_NONNULL = YES;
				CLANG_ANALYZER_NUMBER_OBJECT_CONVERSION = YES_AGGRESSIVE;
				CLANG_CXX_LANGUAGE_STANDARD = "gnu++14";
				CLANG_CXX_LIBRARY = "libc++";
				CLANG_ENABLE_MODULES = YES;
				CLANG_ENABLE_OBJC_ARC = YES;
				CLANG_ENABLE_OBJC_WEAK = YES;
				CLANG_WARN_BLOCK_CAPTURE_AUTORELEASING = YES;
				CLANG_WARN_BOOL_CONVERSION = YES;
				CLANG_WARN_COMMA = YES;
				CLANG_WARN_CONSTANT_CONVERSION = YES;
				CLANG_WARN_DEPRECATED_OBJC_IMPLEMENTATIONS = YES;
				CLANG_WARN_DIRECT_OBJC_ISA_USAGE = YES_ERROR;
				CLANG_WARN_DOCUMENTATION_COMMENTS = YES;
				CLANG_WARN_EMPTY_BODY = YES;
				CLANG_WARN_ENUM_CONVERSION = YES;
				CLANG_WARN_INFINITE_RECURSION = YES;
				CLANG_WARN_INT_CONVERSION = YES;
				CLANG_WARN_NON_LITERAL_NULL_CONVERSION = YES;
				CLANG_WARN_OBJC_IMPLICIT_RETAIN_SELF = YES;
				CLANG_WARN_OBJC_LITERAL_CONVERSION = YES;
				CLANG_WARN_OBJC_ROOT_CLASS = YES_ERROR;
				CLANG_WARN_RANGE_LOOP_ANALYSIS = YES;
				CLANG_WARN_STRICT_PROTOTYPES = YES;
				CLANG_WARN_SUSPICIOUS_MOVE = YES;
				CLANG_WARN_UNGUARDED_AVAILABILITY = YES_AGGRESSIVE;
				CLANG_WARN_UNREACHABLE_CODE = YES;
				CLANG_WARN__DUPLICATE_METHOD_MATCH = YES;
				COPY_PHASE_STRIP = NO;
				CURRENT_PROJECT_VERSION = 1;
				DEBUG_INFORMATION_FORMAT = "dwarf-with-dsym";
				ENABLE_NS_ASSERTIONS = NO;
				ENABLE_STRICT_OBJC_MSGSEND = YES;
				GCC_C_LANGUAGE_STANDARD = gnu11;
				GCC_NO_COMMON_BLOCKS = YES;
				GCC_WARN_64_TO_32_BIT_CONVERSION = YES;
				GCC_WARN_ABOUT_RETURN_TYPE = YES_ERROR;
				GCC_WARN_UNDECLARED_SELECTOR = YES;
				GCC_WARN_UNINITIALIZED_AUTOS = YES_AGGRESSIVE;
				GCC_WARN_UNUSED_FUNCTION = YES;
				GCC_WARN_UNUSED_VARIABLE = YES;
				IPHONEOS_DEPLOYMENT_TARGET = 13.6;
				MTL_ENABLE_DEBUG_INFO = NO;
				MTL_FAST_MATH = YES;
				SDKROOT = iphoneos;
				SWIFT_COMPILATION_MODE = wholemodule;
				SWIFT_OPTIMIZATION_LEVEL = "-O";
				VALIDATE_PRODUCT = YES;
				VERSIONING_SYSTEM = "apple-generic";
				VERSION_INFO_PREFIX = "";
			};
			name = Release;
		};
		726CAA4425011E0C00428D6F /* Debug */ = {
			isa = XCBuildConfiguration;
			buildSettings = {
				CLANG_ENABLE_MODULES = YES;
				CODE_SIGN_STYLE = Automatic;
				DEFINES_MODULE = YES;
				DEVELOPMENT_TEAM = 5W2JMZWR9U;
				DYLIB_COMPATIBILITY_VERSION = 1;
				DYLIB_CURRENT_VERSION = 1;
				DYLIB_INSTALL_NAME_BASE = "@rpath";
				INFOPLIST_FILE = Cardian/Info.plist;
				INSTALL_PATH = "$(LOCAL_LIBRARY_DIR)/Frameworks";
				IPHONEOS_DEPLOYMENT_TARGET = 12.0;
				LD_RUNPATH_SEARCH_PATHS = (
					"$(inherited)",
					"@executable_path/Frameworks",
					"@loader_path/Frameworks",
				);
				PRODUCT_BUNDLE_IDENTIFIER = com.curaegis.Cardian;
				PRODUCT_NAME = "$(TARGET_NAME:c99extidentifier)";
				SKIP_INSTALL = YES;
				SUPPORTS_MACCATALYST = NO;
				SWIFT_OPTIMIZATION_LEVEL = "-Onone";
				SWIFT_VERSION = 5.0;
				TARGETED_DEVICE_FAMILY = "1,2";
			};
			name = Debug;
		};
		726CAA4525011E0C00428D6F /* Release */ = {
			isa = XCBuildConfiguration;
			buildSettings = {
				CLANG_ENABLE_MODULES = YES;
				CODE_SIGN_STYLE = Automatic;
				DEFINES_MODULE = YES;
				DEVELOPMENT_TEAM = 5W2JMZWR9U;
				DYLIB_COMPATIBILITY_VERSION = 1;
				DYLIB_CURRENT_VERSION = 1;
				DYLIB_INSTALL_NAME_BASE = "@rpath";
				INFOPLIST_FILE = Cardian/Info.plist;
				INSTALL_PATH = "$(LOCAL_LIBRARY_DIR)/Frameworks";
				IPHONEOS_DEPLOYMENT_TARGET = 12.0;
				LD_RUNPATH_SEARCH_PATHS = (
					"$(inherited)",
					"@executable_path/Frameworks",
					"@loader_path/Frameworks",
				);
				PRODUCT_BUNDLE_IDENTIFIER = com.curaegis.Cardian;
				PRODUCT_NAME = "$(TARGET_NAME:c99extidentifier)";
				SKIP_INSTALL = YES;
				SUPPORTS_MACCATALYST = NO;
				SWIFT_VERSION = 5.0;
				TARGETED_DEVICE_FAMILY = "1,2";
			};
			name = Release;
		};
		726CAA4725011E0C00428D6F /* Debug */ = {
			isa = XCBuildConfiguration;
			buildSettings = {
				ALWAYS_EMBED_SWIFT_STANDARD_LIBRARIES = YES;
				CODE_SIGN_STYLE = Automatic;
				DEVELOPMENT_TEAM = 5W2JMZWR9U;
				INFOPLIST_FILE = CardianTests/Info.plist;
				LD_RUNPATH_SEARCH_PATHS = (
					"$(inherited)",
					"@executable_path/Frameworks",
					"@loader_path/Frameworks",
				);
				PRODUCT_BUNDLE_IDENTIFIER = com.curaegis.CardianTests;
				PRODUCT_NAME = "$(TARGET_NAME)";
				SWIFT_VERSION = 5.0;
				TARGETED_DEVICE_FAMILY = "1,2";
			};
			name = Debug;
		};
		726CAA4825011E0C00428D6F /* Release */ = {
			isa = XCBuildConfiguration;
			buildSettings = {
				ALWAYS_EMBED_SWIFT_STANDARD_LIBRARIES = YES;
				CODE_SIGN_STYLE = Automatic;
				DEVELOPMENT_TEAM = 5W2JMZWR9U;
				INFOPLIST_FILE = CardianTests/Info.plist;
				LD_RUNPATH_SEARCH_PATHS = (
					"$(inherited)",
					"@executable_path/Frameworks",
					"@loader_path/Frameworks",
				);
				PRODUCT_BUNDLE_IDENTIFIER = com.curaegis.CardianTests;
				PRODUCT_NAME = "$(TARGET_NAME)";
				SWIFT_VERSION = 5.0;
				TARGETED_DEVICE_FAMILY = "1,2";
			};
			name = Release;
		};
/* End XCBuildConfiguration section */

/* Begin XCConfigurationList section */
		726CAA2925011E0C00428D6F /* Build configuration list for PBXProject "Cardian" */ = {
			isa = XCConfigurationList;
			buildConfigurations = (
				726CAA4125011E0C00428D6F /* Debug */,
				726CAA4225011E0C00428D6F /* Release */,
			);
			defaultConfigurationIsVisible = 0;
			defaultConfigurationName = Release;
		};
		726CAA4325011E0C00428D6F /* Build configuration list for PBXNativeTarget "Cardian" */ = {
			isa = XCConfigurationList;
			buildConfigurations = (
				726CAA4425011E0C00428D6F /* Debug */,
				726CAA4525011E0C00428D6F /* Release */,
			);
			defaultConfigurationIsVisible = 0;
			defaultConfigurationName = Release;
		};
		726CAA4625011E0C00428D6F /* Build configuration list for PBXNativeTarget "CardianTests" */ = {
			isa = XCConfigurationList;
			buildConfigurations = (
				726CAA4725011E0C00428D6F /* Debug */,
				726CAA4825011E0C00428D6F /* Release */,
			);
			defaultConfigurationIsVisible = 0;
			defaultConfigurationName = Release;
		};
/* End XCConfigurationList section */
	};
	rootObject = 726CAA2625011E0C00428D6F /* Project object */;
}
